{
  "version": 4,
  "terraform_version": "1.8.2",
  "serial": 347,
  "lineage": "8f542eb0-27de-c12c-fea6-28fe85dbf35c",
  "outputs": {},
  "resources": [
    {
      "mode": "managed",
      "type": "aws_iam_role",
      "name": "eksPreproductionRole",
      "provider": "provider[\"registry.terraform.io/hashicorp/aws\"]",
      "instances": [
        {
          "schema_version": 0,
          "attributes": {
            "arn": "arn:aws:iam::105054799343:role/eks-cluster-preproduction-stratio",
            "assume_role_policy": "{\"Statement\":[{\"Action\":\"sts:AssumeRole\",\"Effect\":\"Allow\",\"Principal\":{\"Service\":\"eks.amazonaws.com\"}}],\"Version\":\"2012-10-17\"}",
            "create_date": "2024-05-07T07:41:04Z",
            "description": "",
            "force_detach_policies": false,
            "id": "eks-cluster-preproduction-stratio",
            "inline_policy": [],
            "managed_policy_arns": [
              "arn:aws:iam::aws:policy/AmazonEKSClusterPolicy"
            ],
            "max_session_duration": 3600,
            "name": "eks-cluster-preproduction-stratio",
            "name_prefix": "",
            "path": "/",
            "permissions_boundary": "",
            "tags": {},
            "tags_all": {},
            "unique_id": "AROARQ5OBAXXR5TBB5MZN"
          },
          "sensitive_attributes": [],
          "private": "bnVsbA=="
        }
      ]
    },
    {
      "mode": "managed",
      "type": "aws_iam_role_policy_attachment",
      "name": "eksPreproductionRole-AmazonEKSClusterPolicy",
      "provider": "provider[\"registry.terraform.io/hashicorp/aws\"]",
      "instances": [
        {
          "schema_version": 0,
          "attributes": {
            "id": "eks-cluster-preproduction-stratio-20240507074104993200000004",
            "policy_arn": "arn:aws:iam::aws:policy/AmazonEKSClusterPolicy",
            "role": "eks-cluster-preproduction-stratio"
          },
          "sensitive_attributes": [],
          "private": "bnVsbA==",
          "dependencies": [
            "aws_iam_role.eksPreproductionRole"
          ]
        }
      ]
    },
    {
      "module": "module.EKS_Addon[\"addon_1\"]",
      "mode": "managed",
      "type": "aws_eks_addon",
      "name": "this",
      "provider": "provider[\"registry.terraform.io/hashicorp/aws\"]",
      "instances": [
        {
          "schema_version": 0,
          "attributes": {
            "addon_name": "vpc-cni",
            "addon_version": "v1.15.1-eksbuild.1",
            "arn": "arn:aws:eks:eu-west-3:105054799343:addon/eksPreProductionCluster/vpc-cni/32c7a903-cb4a-ac1f-c3b0-46f1d69a4e44",
            "cluster_name": "eksPreProductionCluster",
            "configuration_values": "",
            "created_at": "2024-05-07T07:49:40Z",
            "id": "eksPreProductionCluster:vpc-cni",
            "modified_at": "2024-05-07T07:52:15Z",
            "preserve": null,
            "resolve_conflicts": null,
            "resolve_conflicts_on_create": null,
            "resolve_conflicts_on_update": null,
            "service_account_role_arn": "",
            "tags": {},
            "tags_all": {},
            "timeouts": null
          },
          "sensitive_attributes": [],
          "private": "eyJlMmJmYjczMC1lY2FhLTExZTYtOGY4OC0zNDM2M2JjN2M0YzAiOnsiY3JlYXRlIjoxMjAwMDAwMDAwMDAwLCJkZWxldGUiOjI0MDAwMDAwMDAwMDAsInVwZGF0ZSI6MTIwMDAwMDAwMDAwMH19",
          "dependencies": [
            "aws_iam_role.eksPreproductionRole",
            "module.EKS_Cluster.aws_eks_cluster.this",
            "module.Private_Subnets.aws_subnet.this",
            "module.VPC.aws_vpc.this"
          ]
        }
      ]
    },
    {
      "module": "module.EKS_Addon[\"addon_2\"]",
      "mode": "managed",
      "type": "aws_eks_addon",
      "name": "this",
      "provider": "provider[\"registry.terraform.io/hashicorp/aws\"]",
      "instances": [
        {
          "schema_version": 0,
          "attributes": {
            "addon_name": "coredns",
            "addon_version": "v1.10.1-eksbuild.4",
            "arn": "arn:aws:eks:eu-west-3:105054799343:addon/eksPreProductionCluster/coredns/fec7a925-1ecf-a6cb-d6bd-1f89fb1c338b",
            "cluster_name": "eksPreProductionCluster",
            "configuration_values": "",
            "created_at": "2024-05-07T09:02:28Z",
            "id": "eksPreProductionCluster:coredns",
            "modified_at": "2024-05-07T09:02:37Z",
            "preserve": null,
            "resolve_conflicts": null,
            "resolve_conflicts_on_create": null,
            "resolve_conflicts_on_update": null,
            "service_account_role_arn": "",
            "tags": {},
            "tags_all": {},
            "timeouts": null
          },
          "sensitive_attributes": [],
          "private": "eyJlMmJmYjczMC1lY2FhLTExZTYtOGY4OC0zNDM2M2JjN2M0YzAiOnsiY3JlYXRlIjoxMjAwMDAwMDAwMDAwLCJkZWxldGUiOjI0MDAwMDAwMDAwMDAsInVwZGF0ZSI6MTIwMDAwMDAwMDAwMH19",
          "dependencies": [
            "aws_iam_role.eksPreproductionRole",
            "module.EKS_Cluster.aws_eks_cluster.this",
            "module.Private_Subnets.aws_subnet.this",
            "module.VPC.aws_vpc.this"
          ]
        }
      ]
    },
    {
      "module": "module.EKS_Addon[\"addon_3\"]",
      "mode": "managed",
      "type": "aws_eks_addon",
      "name": "this",
      "provider": "provider[\"registry.terraform.io/hashicorp/aws\"]",
      "instances": [
        {
          "schema_version": 0,
          "attributes": {
            "addon_name": "kube-proxy",
            "addon_version": "v1.28.2-eksbuild.2",
            "arn": "arn:aws:eks:eu-west-3:105054799343:addon/eksPreProductionCluster/kube-proxy/58c7a903-cb55-38be-e4ca-f79f0cfce647",
            "cluster_name": "eksPreProductionCluster",
            "configuration_values": "",
            "created_at": "2024-05-07T07:49:40Z",
            "id": "eksPreProductionCluster:kube-proxy",
            "modified_at": "2024-05-07T07:52:13Z",
            "preserve": null,
            "resolve_conflicts": null,
            "resolve_conflicts_on_create": null,
            "resolve_conflicts_on_update": null,
            "service_account_role_arn": "",
            "tags": {},
            "tags_all": {},
            "timeouts": null
          },
          "sensitive_attributes": [],
          "private": "eyJlMmJmYjczMC1lY2FhLTExZTYtOGY4OC0zNDM2M2JjN2M0YzAiOnsiY3JlYXRlIjoxMjAwMDAwMDAwMDAwLCJkZWxldGUiOjI0MDAwMDAwMDAwMDAsInVwZGF0ZSI6MTIwMDAwMDAwMDAwMH19",
          "dependencies": [
            "aws_iam_role.eksPreproductionRole",
            "module.EKS_Cluster.aws_eks_cluster.this",
            "module.Private_Subnets.aws_subnet.this",
            "module.VPC.aws_vpc.this"
          ]
        }
      ]
    },
    {
      "module": "module.EKS_Addon[\"addon_4\"]",
      "mode": "managed",
      "type": "aws_eks_addon",
      "name": "this",
      "provider": "provider[\"registry.terraform.io/hashicorp/aws\"]",
      "instances": [
        {
          "schema_version": 0,
          "attributes": {
            "addon_name": "eks-pod-identity-agent",
            "addon_version": "v1.2.0-eksbuild.1",
            "arn": "arn:aws:eks:eu-west-3:105054799343:addon/eksPreProductionCluster/eks-pod-identity-agent/dac7a903-cb43-84b7-c222-302642e8e0dc",
            "cluster_name": "eksPreProductionCluster",
            "configuration_values": "",
            "created_at": "2024-05-07T07:49:40Z",
            "id": "eksPreProductionCluster:eks-pod-identity-agent",
            "modified_at": "2024-05-07T07:52:13Z",
            "preserve": null,
            "resolve_conflicts": null,
            "resolve_conflicts_on_create": null,
            "resolve_conflicts_on_update": null,
            "service_account_role_arn": "",
            "tags": {},
            "tags_all": {},
            "timeouts": null
          },
          "sensitive_attributes": [],
          "private": "eyJlMmJmYjczMC1lY2FhLTExZTYtOGY4OC0zNDM2M2JjN2M0YzAiOnsiY3JlYXRlIjoxMjAwMDAwMDAwMDAwLCJkZWxldGUiOjI0MDAwMDAwMDAwMDAsInVwZGF0ZSI6MTIwMDAwMDAwMDAwMH19",
          "dependencies": [
            "aws_iam_role.eksPreproductionRole",
            "module.EKS_Cluster.aws_eks_cluster.this",
            "module.Private_Subnets.aws_subnet.this",
            "module.VPC.aws_vpc.this"
          ]
        }
      ]
    },
    {
      "module": "module.EKS_Addon[\"addon_5\"]",
      "mode": "managed",
      "type": "aws_eks_addon",
      "name": "this",
      "provider": "provider[\"registry.terraform.io/hashicorp/aws\"]",
      "instances": [
        {
          "schema_version": 0,
          "attributes": {
            "addon_name": "aws-mountpoint-s3-csi-driver",
            "addon_version": "v1.5.1-eksbuild.1",
            "arn": "arn:aws:eks:eu-west-3:105054799343:addon/eksPreProductionCluster/aws-mountpoint-s3-csi-driver/14c7a903-cb46-033b-b23f-8f4bf8b69bb3",
            "cluster_name": "eksPreProductionCluster",
            "configuration_values": "",
            "created_at": "2024-05-07T07:49:40Z",
            "id": "eksPreProductionCluster:aws-mountpoint-s3-csi-driver",
            "modified_at": "2024-05-07T07:52:12Z",
            "preserve": null,
            "resolve_conflicts": null,
            "resolve_conflicts_on_create": null,
            "resolve_conflicts_on_update": null,
            "service_account_role_arn": "",
            "tags": {},
            "tags_all": {},
            "timeouts": null
          },
          "sensitive_attributes": [],
          "private": "eyJlMmJmYjczMC1lY2FhLTExZTYtOGY4OC0zNDM2M2JjN2M0YzAiOnsiY3JlYXRlIjoxMjAwMDAwMDAwMDAwLCJkZWxldGUiOjI0MDAwMDAwMDAwMDAsInVwZGF0ZSI6MTIwMDAwMDAwMDAwMH19",
          "dependencies": [
            "aws_iam_role.eksPreproductionRole",
            "module.EKS_Cluster.aws_eks_cluster.this",
            "module.Private_Subnets.aws_subnet.this",
            "module.VPC.aws_vpc.this"
          ]
        }
      ]
    },
    {
      "module": "module.EKS_Addon[\"addon_6\"]",
      "mode": "managed",
      "type": "aws_eks_addon",
      "name": "this",
      "provider": "provider[\"registry.terraform.io/hashicorp/aws\"]",
      "instances": [
        {
          "schema_version": 0,
          "attributes": {
            "addon_name": "aws-ebs-csi-driver",
            "addon_version": "v1.30.0-eksbuild.1",
            "arn": "arn:aws:eks:eu-west-3:105054799343:addon/eksPreProductionCluster/aws-ebs-csi-driver/80c7a925-31f9-c854-6994-32c4d642d6c4",
            "cluster_name": "eksPreProductionCluster",
            "configuration_values": "",
            "created_at": "2024-05-07T09:02:38Z",
            "id": "eksPreProductionCluster:aws-ebs-csi-driver",
            "modified_at": "2024-05-07T09:03:25Z",
            "preserve": null,
            "resolve_conflicts": null,
            "resolve_conflicts_on_create": null,
            "resolve_conflicts_on_update": null,
            "service_account_role_arn": "",
            "tags": {},
            "tags_all": {},
            "timeouts": null
          },
          "sensitive_attributes": [],
          "private": "eyJlMmJmYjczMC1lY2FhLTExZTYtOGY4OC0zNDM2M2JjN2M0YzAiOnsiY3JlYXRlIjoxMjAwMDAwMDAwMDAwLCJkZWxldGUiOjI0MDAwMDAwMDAwMDAsInVwZGF0ZSI6MTIwMDAwMDAwMDAwMH19",
          "dependencies": [
            "aws_iam_role.eksPreproductionRole",
            "module.EKS_Cluster.aws_eks_cluster.this",
            "module.Private_Subnets.aws_subnet.this",
            "module.VPC.aws_vpc.this"
          ]
        }
      ]
    },
    {
      "module": "module.EKS_Cluster[\"eksPreProductionCluster\"]",
      "mode": "managed",
      "type": "aws_eks_cluster",
      "name": "this",
      "provider": "provider[\"registry.terraform.io/hashicorp/aws\"]",
      "instances": [
        {
          "schema_version": 0,
          "attributes": {
            "access_config": [
              {
                "authentication_mode": "API_AND_CONFIG_MAP",
                "bootstrap_cluster_creator_admin_permissions": true
              }
            ],
            "arn": "arn:aws:eks:eu-west-3:105054799343:cluster/eksPreProductionCluster",
            "certificate_authority": [
              {
                "data": "LS0tLS1CRUdJTiBDRVJUSUZJQ0FURS0tLS0tCk1JSURCVENDQWUyZ0F3SUJBZ0lJVHU2ZC9UdDFaMWd3RFFZSktvWklodmNOQVFFTEJRQXdGVEVUTUJFR0ExVUUKQXhNS2EzVmlaWEp1WlhSbGN6QWVGdzB5TkRBMU1EY3dOelF3TkRSYUZ3MHpOREExTURVd056UTFORFJhTUJVeApFekFSQmdOVkJBTVRDbXQxWW1WeWJtVjBaWE13Z2dFaU1BMEdDU3FHU0liM0RRRUJBUVVBQTRJQkR3QXdnZ0VLCkFvSUJBUUN4bVNGaGhXd2dvdWVqcWxjWVVya2hKcHI5TzB3L1pIbVFpUWZzRkJEemNZbjBaWTRGMVNyeXRxSGQKVUM2ZzVjRG51cjUwanVMcXFJcE9hdmszUmpQNUpDZWhTVWRLb2ZHQlhIenV2a1UrbE1PNnl0MklQY3VXclU5RgoyVy82TUV2UXFlWHU5NEMzV0dQcVZxMDhUNDRTeFpYNVE0WWFOemhXV0xhVWRmd1ZDSnN4NVpldmd0bitibHhNCk02S2xUZ3BCTWtrSTludER2SHp3WFdwUWh1SmFmNkFxQmI3MHdZa2VhditxTjVUSWRIbEF6eHEwN2VSR0lMN2UKcTJPdk55UExSTklsRVN2citvSDB1eEJ4ODlBQTJXM1pYNkFKS3ZMZ3JMMzkzUy9IV1hPVWtZMEtpYVA3b0U5VApqVW16UFNZNEh3d0puaU00TXl1d0ZPNitXZ2QxQWdNQkFBR2pXVEJYTUE0R0ExVWREd0VCL3dRRUF3SUNwREFQCkJnTlZIUk1CQWY4RUJUQURBUUgvTUIwR0ExVWREZ1FXQkJUT0s4YkZUNGJ5UkhubzdqWHVRVGNLUDNicHpEQVYKQmdOVkhSRUVEakFNZ2dwcmRXSmxjbTVsZEdWek1BMEdDU3FHU0liM0RRRUJDd1VBQTRJQkFRQU1saHJ5QkdIagpWaURmRk9PKzcwT25PVlVlaFZZZ3JrTjlSanN3VUd3VzY1MVB1NkU2THFFQVZjeUF1amRsalh2ajlVY0RMQTl1Cm9jZWNjZjFlL3RQb1ZwNFVnd1NvZkoyNUdyTFNsN1lPWjFhTDdVMVZEc3hROHdJQ2NIcWNIRm5QSmJJRnhLZmMKcitMKzNTV1IrZkVSSXpXejFoZWhTOGxyQjlTb21iTDBUVXFGdDFqREt0cnlyWDh1YkhVVXNIZzF6V25GNlZOSgp0UGdZRW5kdHpLeStwcmNER3U5L3VTYlNoUHFBQ3ZCMjBGTGp2SExVYjFpa0ZiNVI4eXVXV2xRcDdGWFZCUTBSClhpWUMxZUJZOEEwTzk5Y0RxUzZJUE4rUFR5L0ZFV2t6RVJxOTlJOVlJbmRjby9ya0VOaittZmVYcjMrbGgweU4KU29WQlRvRE9BaUd2Ci0tLS0tRU5EIENFUlRJRklDQVRFLS0tLS0K"
              }
            ],
            "cluster_id": null,
            "created_at": "2024-05-07 07:41:17.589 +0000 UTC",
            "enabled_cluster_log_types": [],
            "encryption_config": [],
            "endpoint": "https://115866DBF1D9390C45CB2B58BCBDBB70.yl4.eu-west-3.eks.amazonaws.com",
            "id": "eksPreProductionCluster",
            "identity": [
              {
                "oidc": [
                  {
                    "issuer": "https://oidc.eks.eu-west-3.amazonaws.com/id/115866DBF1D9390C45CB2B58BCBDBB70"
                  }
                ]
              }
            ],
            "kubernetes_network_config": [
              {
                "ip_family": "ipv4",
                "service_ipv4_cidr": "172.20.0.0/16",
                "service_ipv6_cidr": ""
              }
            ],
            "name": "eksPreProductionCluster",
            "outpost_config": [],
            "platform_version": "eks.12",
            "role_arn": "arn:aws:iam::105054799343:role/eks-cluster-preproduction-stratio",
            "status": "ACTIVE",
            "tags": {},
            "tags_all": {},
            "timeouts": null,
            "version": "1.28",
            "vpc_config": [
              {
                "cluster_security_group_id": "sg-0e2b62b0a31ff67fe",
                "endpoint_private_access": true,
                "endpoint_public_access": false,
                "public_access_cidrs": [],
                "security_group_ids": [],
                "subnet_ids": [
                  "subnet-075903de08488b84b",
                  "subnet-0aeb6413dbee5bd50"
                ],
                "vpc_id": "vpc-066ad9c6a0558e6e5"
              }
            ]
          },
          "sensitive_attributes": [],
          "private": "eyJlMmJmYjczMC1lY2FhLTExZTYtOGY4OC0zNDM2M2JjN2M0YzAiOnsiY3JlYXRlIjoxODAwMDAwMDAwMDAwLCJkZWxldGUiOjkwMDAwMDAwMDAwMCwidXBkYXRlIjozNjAwMDAwMDAwMDAwfX0=",
          "dependencies": [
            "aws_iam_role.eksPreproductionRole",
            "module.Private_Subnets.aws_subnet.this",
            "module.VPC.aws_vpc.this"
          ]
        }
      ]
    },
    {
      "module": "module.EKS_Node_Group[\"t3_xlarge\"]",
      "mode": "managed",
      "type": "aws_eks_node_group",
      "name": "this",
      "provider": "provider[\"registry.terraform.io/hashicorp/aws\"]",
      "instances": [
        {
          "schema_version": 0,
          "attributes": {
            "ami_type": "AL2_x86_64",
            "arn": "arn:aws:eks:eu-west-3:105054799343:nodegroup/eksPreProductionCluster/t3_xlarge/b6c7ae2b-d3ad-58cd-1c58-517cff1d1fd9",
            "capacity_type": "ON_DEMAND",
            "cluster_name": "eksPreProductionCluster",
            "disk_size": 50,
            "force_update_version": null,
            "id": "eksPreProductionCluster:t3_xlarge",
            "instance_types": [
              "t3.xlarge"
            ],
            "labels": null,
            "launch_template": [],
            "node_group_name": "t3_xlarge",
            "node_group_name_prefix": "",
            "node_role_arn": "arn:aws:iam::105054799343:role/eks-node-group-eksPreproductionNodesRole",
            "release_version": "1.28.8-20240506",
            "remote_access": [],
            "resources": [
              {
                "autoscaling_groups": [
                  {
                    "name": "eks-t3_xlarge-b6c7ae2b-d3ad-58cd-1c58-517cff1d1fd9"
                  }
                ],
                "remote_access_security_group_id": ""
              }
            ],
            "scaling_config": [
              {
                "desired_size": 3,
                "max_size": 4,
                "min_size": 2
              }
            ],
            "status": "ACTIVE",
            "subnet_ids": [
              "subnet-075903de08488b84b",
              "subnet-0aeb6413dbee5bd50"
            ],
            "tags": null,
            "tags_all": {},
            "taint": [],
            "timeouts": null,
            "update_config": [
              {
                "max_unavailable": 1,
                "max_unavailable_percentage": 0
              }
            ],
            "version": "1.28"
          },
          "sensitive_attributes": [],
          "private": "eyJlMmJmYjczMC1lY2FhLTExZTYtOGY4OC0zNDM2M2JjN2M0YzAiOnsiY3JlYXRlIjozNjAwMDAwMDAwMDAwLCJkZWxldGUiOjM2MDAwMDAwMDAwMDAsInVwZGF0ZSI6MzYwMDAwMDAwMDAwMH19",
          "dependencies": [
            "module.EKS_Node_Group.aws_iam_role.eksPreproductionNodesRole",
            "module.Private_Subnets.aws_subnet.this",
            "module.VPC.aws_vpc.this"
          ]
        }
      ]
    },
    {
      "module": "module.EKS_Node_Group[\"t3_xlarge\"]",
      "mode": "managed",
      "type": "aws_iam_role",
      "name": "eksPreproductionNodesRole",
      "provider": "provider[\"registry.terraform.io/hashicorp/aws\"]",
      "instances": [
        {
          "schema_version": 0,
          "attributes": {
            "arn": "arn:aws:iam::105054799343:role/eks-node-group-eksPreproductionNodesRole",
            "assume_role_policy": "{\"Statement\":[{\"Action\":\"sts:AssumeRole\",\"Effect\":\"Allow\",\"Principal\":{\"Service\":\"ec2.amazonaws.com\"}}],\"Version\":\"2012-10-17\"}",
            "create_date": "2024-05-07T07:41:04Z",
            "description": "",
            "force_detach_policies": false,
            "id": "eks-node-group-eksPreproductionNodesRole",
            "inline_policy": [],
            "managed_policy_arns": [
              "arn:aws:iam::aws:policy/AmazonEC2ContainerRegistryReadOnly",
              "arn:aws:iam::aws:policy/AmazonEKSWorkerNodePolicy",
              "arn:aws:iam::aws:policy/AmazonEKS_CNI_Policy"
            ],
            "max_session_duration": 3600,
            "name": "eks-node-group-eksPreproductionNodesRole",
            "name_prefix": "",
            "path": "/",
            "permissions_boundary": "",
            "tags": {},
            "tags_all": {},
            "unique_id": "AROARQ5OBAXX6QGLM7BPU"
          },
          "sensitive_attributes": [],
          "private": "bnVsbA=="
        }
      ]
    },
    {
      "module": "module.EKS_Node_Group[\"t3_xlarge\"]",
      "mode": "managed",
      "type": "aws_iam_role_policy_attachment",
      "name": "eksPreproductionNodesRole-AmazonEC2ContainerRegistryReadOnly",
      "provider": "provider[\"registry.terraform.io/hashicorp/aws\"]",
      "instances": [
        {
          "schema_version": 0,
          "attributes": {
            "id": "eks-node-group-eksPreproductionNodesRole-20240507074104807600000001",
            "policy_arn": "arn:aws:iam::aws:policy/AmazonEC2ContainerRegistryReadOnly",
            "role": "eks-node-group-eksPreproductionNodesRole"
          },
          "sensitive_attributes": [],
          "private": "bnVsbA==",
          "dependencies": [
            "module.EKS_Node_Group.aws_iam_role.eksPreproductionNodesRole"
          ]
        }
      ]
    },
    {
      "module": "module.EKS_Node_Group[\"t3_xlarge\"]",
      "mode": "managed",
      "type": "aws_iam_role_policy_attachment",
      "name": "eksPreproductionNodesRole-AmazonEKSWorkerNodePolicy",
      "provider": "provider[\"registry.terraform.io/hashicorp/aws\"]",
      "instances": [
        {
          "schema_version": 0,
          "attributes": {
            "id": "eks-node-group-eksPreproductionNodesRole-20240507074104841600000002",
            "policy_arn": "arn:aws:iam::aws:policy/AmazonEKSWorkerNodePolicy",
            "role": "eks-node-group-eksPreproductionNodesRole"
          },
          "sensitive_attributes": [],
          "private": "bnVsbA==",
          "dependencies": [
            "module.EKS_Node_Group.aws_iam_role.eksPreproductionNodesRole"
          ]
        }
      ]
    },
    {
      "module": "module.EKS_Node_Group[\"t3_xlarge\"]",
      "mode": "managed",
      "type": "aws_iam_role_policy_attachment",
      "name": "eksPreproductionNodesRole-AmazonEKS_CNI_Policy",
      "provider": "provider[\"registry.terraform.io/hashicorp/aws\"]",
      "instances": [
        {
          "schema_version": 0,
          "attributes": {
            "id": "eks-node-group-eksPreproductionNodesRole-20240507074104954700000003",
            "policy_arn": "arn:aws:iam::aws:policy/AmazonEKS_CNI_Policy",
            "role": "eks-node-group-eksPreproductionNodesRole"
          },
          "sensitive_attributes": [],
          "private": "bnVsbA==",
          "dependencies": [
            "module.EKS_Node_Group.aws_iam_role.eksPreproductionNodesRole"
          ]
        }
      ]
    },
    {
      "module": "module.Elastic_IP[\"eip-stratio-preprod-nat-prod-a\"]",
      "mode": "managed",
      "type": "aws_eip",
      "name": "this",
      "provider": "provider[\"registry.terraform.io/hashicorp/aws\"]",
      "instances": [
        {
          "schema_version": 0,
          "attributes": {
            "address": null,
            "allocation_id": "eipalloc-03fce59f824da5cd9",
            "associate_with_private_ip": null,
            "association_id": "eipassoc-01a0b78c0eae5c993",
            "carrier_ip": "",
            "customer_owned_ip": "",
            "customer_owned_ipv4_pool": "",
            "domain": "vpc",
            "id": "eipalloc-03fce59f824da5cd9",
            "instance": "",
            "network_border_group": "eu-west-3",
            "network_interface": "eni-0d6f7fee497d61ffc",
            "private_dns": "ip-10-120-205-29.eu-west-3.compute.internal",
            "private_ip": "10.120.205.29",
            "public_dns": "ec2-13-36-22-167.eu-west-3.compute.amazonaws.com",
            "public_ip": "13.36.22.167",
            "public_ipv4_pool": "amazon",
            "tags": {
              "Name": "eip-stratio-preprod-nat-prod-a"
            },
            "tags_all": {
              "Name": "eip-stratio-preprod-nat-prod-a"
            },
            "timeouts": null,
            "vpc": true
          },
          "sensitive_attributes": [],
          "private": "eyJlMmJmYjczMC1lY2FhLTExZTYtOGY4OC0zNDM2M2JjN2M0YzAiOnsiZGVsZXRlIjoxODAwMDAwMDAwMDAsInJlYWQiOjkwMDAwMDAwMDAwMCwidXBkYXRlIjozMDAwMDAwMDAwMDB9fQ=="
        }
      ]
    },
    {
      "module": "module.Internet_Gateway[\"igw-stratio-preprod\"]",
      "mode": "managed",
      "type": "aws_internet_gateway",
      "name": "this",
      "provider": "provider[\"registry.terraform.io/hashicorp/aws\"]",
      "instances": [
        {
          "schema_version": 0,
          "attributes": {
            "arn": "arn:aws:ec2:eu-west-3:105054799343:internet-gateway/igw-0c7aea50f6634c9bc",
            "id": "igw-0c7aea50f6634c9bc",
            "owner_id": "105054799343",
            "tags": {
              "Name": "igw-stratio-preprod"
            },
            "tags_all": {
              "Name": "igw-stratio-preprod"
            },
            "timeouts": null,
            "vpc_id": "vpc-066ad9c6a0558e6e5"
          },
          "sensitive_attributes": [],
          "private": "eyJlMmJmYjczMC1lY2FhLTExZTYtOGY4OC0zNDM2M2JjN2M0YzAiOnsiY3JlYXRlIjoxMjAwMDAwMDAwMDAwLCJkZWxldGUiOjEyMDAwMDAwMDAwMDAsInVwZGF0ZSI6MTIwMDAwMDAwMDAwMH19",
          "dependencies": [
            "module.VPC.aws_vpc.this"
          ]
        }
      ]
    },
    {
      "module": "module.NAT_Gateway[\"nat-stratio-preprod-pvt-a\"]",
      "mode": "managed",
      "type": "aws_nat_gateway",
      "name": "this",
      "provider": "provider[\"registry.terraform.io/hashicorp/aws\"]",
      "instances": [
        {
          "schema_version": 0,
          "attributes": {
            "allocation_id": "eipalloc-03fce59f824da5cd9",
            "association_id": "eipassoc-01a0b78c0eae5c993",
            "connectivity_type": "public",
            "id": "nat-0d8bb5a6ad7a8e0d8",
            "network_interface_id": "eni-0d6f7fee497d61ffc",
            "private_ip": "10.120.205.29",
            "public_ip": "13.36.22.167",
            "secondary_allocation_ids": [],
            "secondary_private_ip_address_count": 0,
            "secondary_private_ip_addresses": [],
            "subnet_id": "subnet-0152a5f18b9dd311d",
            "tags": {
              "Name": "nat-stratio-preprod-pvt-a"
            },
            "tags_all": {
              "Name": "nat-stratio-preprod-pvt-a"
            },
            "timeouts": null
          },
          "sensitive_attributes": [],
          "private": "eyJlMmJmYjczMC1lY2FhLTExZTYtOGY4OC0zNDM2M2JjN2M0YzAiOnsiY3JlYXRlIjo2MDAwMDAwMDAwMDAsImRlbGV0ZSI6MTgwMDAwMDAwMDAwMCwidXBkYXRlIjo2MDAwMDAwMDAwMDB9fQ==",
          "dependencies": [
            "module.Elastic_IP.aws_eip.this",
            "module.Public_Subnets.aws_subnet.this",
            "module.VPC.aws_vpc.this"
          ]
        }
      ]
    },
    {
      "module": "module.Private_Subnets[\"subnet-stratio-preprod-pvt-a\"]",
      "mode": "managed",
      "type": "aws_subnet",
      "name": "this",
      "provider": "provider[\"registry.terraform.io/hashicorp/aws\"]",
      "instances": [
        {
          "schema_version": 1,
          "attributes": {
            "arn": "arn:aws:ec2:eu-west-3:105054799343:subnet/subnet-0aeb6413dbee5bd50",
            "assign_ipv6_address_on_creation": false,
            "availability_zone": "eu-west-3a",
            "availability_zone_id": "euw3-az1",
            "cidr_block": "10.120.204.0/25",
            "customer_owned_ipv4_pool": "",
            "enable_dns64": false,
            "enable_lni_at_device_index": 0,
            "enable_resource_name_dns_a_record_on_launch": false,
            "enable_resource_name_dns_aaaa_record_on_launch": false,
            "id": "subnet-0aeb6413dbee5bd50",
            "ipv6_cidr_block": "",
            "ipv6_cidr_block_association_id": "",
            "ipv6_native": false,
            "map_customer_owned_ip_on_launch": false,
            "map_public_ip_on_launch": false,
            "outpost_arn": "",
            "owner_id": "105054799343",
            "private_dns_hostname_type_on_launch": "ip-name",
            "tags": {
              "Name": "subnet-stratio-preprod-pvt-a"
            },
            "tags_all": {
              "Name": "subnet-stratio-preprod-pvt-a"
            },
            "timeouts": null,
            "vpc_id": "vpc-066ad9c6a0558e6e5"
          },
          "sensitive_attributes": [],
          "private": "eyJlMmJmYjczMC1lY2FhLTExZTYtOGY4OC0zNDM2M2JjN2M0YzAiOnsiY3JlYXRlIjo2MDAwMDAwMDAwMDAsImRlbGV0ZSI6MTIwMDAwMDAwMDAwMH0sInNjaGVtYV92ZXJzaW9uIjoiMSJ9",
          "dependencies": [
            "module.VPC.aws_vpc.this"
          ]
        }
      ]
    },
    {
      "module": "module.Private_Subnets[\"subnet-stratio-preprod-pvt-b\"]",
      "mode": "managed",
      "type": "aws_subnet",
      "name": "this",
      "provider": "provider[\"registry.terraform.io/hashicorp/aws\"]",
      "instances": [
        {
          "schema_version": 1,
          "attributes": {
            "arn": "arn:aws:ec2:eu-west-3:105054799343:subnet/subnet-075903de08488b84b",
            "assign_ipv6_address_on_creation": false,
            "availability_zone": "eu-west-3b",
            "availability_zone_id": "euw3-az2",
            "cidr_block": "10.120.204.128/25",
            "customer_owned_ipv4_pool": "",
            "enable_dns64": false,
            "enable_lni_at_device_index": 0,
            "enable_resource_name_dns_a_record_on_launch": false,
            "enable_resource_name_dns_aaaa_record_on_launch": false,
            "id": "subnet-075903de08488b84b",
            "ipv6_cidr_block": "",
            "ipv6_cidr_block_association_id": "",
            "ipv6_native": false,
            "map_customer_owned_ip_on_launch": false,
            "map_public_ip_on_launch": false,
            "outpost_arn": "",
            "owner_id": "105054799343",
            "private_dns_hostname_type_on_launch": "ip-name",
            "tags": {
              "Name": "subnet-stratio-preprod-pvt-b"
            },
            "tags_all": {
              "Name": "subnet-stratio-preprod-pvt-b"
            },
            "timeouts": null,
            "vpc_id": "vpc-066ad9c6a0558e6e5"
          },
          "sensitive_attributes": [],
          "private": "eyJlMmJmYjczMC1lY2FhLTExZTYtOGY4OC0zNDM2M2JjN2M0YzAiOnsiY3JlYXRlIjo2MDAwMDAwMDAwMDAsImRlbGV0ZSI6MTIwMDAwMDAwMDAwMH0sInNjaGVtYV92ZXJzaW9uIjoiMSJ9",
          "dependencies": [
            "module.VPC.aws_vpc.this"
          ]
        }
      ]
    },
    {
      "module": "module.Public_Subnets[\"subnet-stratio-preprod-pub-a\"]",
      "mode": "managed",
      "type": "aws_subnet",
      "name": "this",
      "provider": "provider[\"registry.terraform.io/hashicorp/aws\"]",
      "instances": [
        {
          "schema_version": 1,
          "attributes": {
            "arn": "arn:aws:ec2:eu-west-3:105054799343:subnet/subnet-0152a5f18b9dd311d",
            "assign_ipv6_address_on_creation": false,
            "availability_zone": "eu-west-3a",
            "availability_zone_id": "euw3-az1",
            "cidr_block": "10.120.205.0/25",
            "customer_owned_ipv4_pool": "",
            "enable_dns64": false,
            "enable_lni_at_device_index": 0,
            "enable_resource_name_dns_a_record_on_launch": false,
            "enable_resource_name_dns_aaaa_record_on_launch": false,
            "id": "subnet-0152a5f18b9dd311d",
            "ipv6_cidr_block": "",
            "ipv6_cidr_block_association_id": "",
            "ipv6_native": false,
            "map_customer_owned_ip_on_launch": false,
            "map_public_ip_on_launch": true,
            "outpost_arn": "",
            "owner_id": "105054799343",
            "private_dns_hostname_type_on_launch": "ip-name",
            "tags": {
              "Name": "subnet-stratio-preprod-pub-a"
            },
            "tags_all": {
              "Name": "subnet-stratio-preprod-pub-a"
            },
            "timeouts": null,
            "vpc_id": "vpc-066ad9c6a0558e6e5"
          },
          "sensitive_attributes": [],
          "private": "eyJlMmJmYjczMC1lY2FhLTExZTYtOGY4OC0zNDM2M2JjN2M0YzAiOnsiY3JlYXRlIjo2MDAwMDAwMDAwMDAsImRlbGV0ZSI6MTIwMDAwMDAwMDAwMH0sInNjaGVtYV92ZXJzaW9uIjoiMSJ9",
          "dependencies": [
            "module.VPC.aws_vpc.this"
          ]
        }
      ]
    },
    {
      "module": "module.Public_Subnets[\"subnet-stratio-preprod-pub-b\"]",
      "mode": "managed",
      "type": "aws_subnet",
      "name": "this",
      "provider": "provider[\"registry.terraform.io/hashicorp/aws\"]",
      "instances": [
        {
          "schema_version": 1,
          "attributes": {
            "arn": "arn:aws:ec2:eu-west-3:105054799343:subnet/subnet-0f8fae2f53519d5b8",
            "assign_ipv6_address_on_creation": false,
            "availability_zone": "eu-west-3b",
            "availability_zone_id": "euw3-az2",
            "cidr_block": "10.120.205.128/25",
            "customer_owned_ipv4_pool": "",
            "enable_dns64": false,
            "enable_lni_at_device_index": 0,
            "enable_resource_name_dns_a_record_on_launch": false,
            "enable_resource_name_dns_aaaa_record_on_launch": false,
            "id": "subnet-0f8fae2f53519d5b8",
            "ipv6_cidr_block": "",
            "ipv6_cidr_block_association_id": "",
            "ipv6_native": false,
            "map_customer_owned_ip_on_launch": false,
            "map_public_ip_on_launch": false,
            "outpost_arn": "",
            "owner_id": "105054799343",
            "private_dns_hostname_type_on_launch": "ip-name",
            "tags": {
              "Name": "subnet-stratio-preprod-pub-b"
            },
            "tags_all": {
              "Name": "subnet-stratio-preprod-pub-b"
            },
            "timeouts": null,
            "vpc_id": "vpc-066ad9c6a0558e6e5"
          },
          "sensitive_attributes": [],
          "private": "eyJlMmJmYjczMC1lY2FhLTExZTYtOGY4OC0zNDM2M2JjN2M0YzAiOnsiY3JlYXRlIjo2MDAwMDAwMDAwMDAsImRlbGV0ZSI6MTIwMDAwMDAwMDAwMH0sInNjaGVtYV92ZXJzaW9uIjoiMSJ9",
          "dependencies": [
            "module.VPC.aws_vpc.this"
          ]
        }
      ]
    },
    {
      "module": "module.Route_Table[\"rtbl-stratio-preprod-pub-subnets\"]",
      "mode": "managed",
      "type": "aws_route_table",
      "name": "this",
      "provider": "provider[\"registry.terraform.io/hashicorp/aws\"]",
      "instances": [
        {
          "schema_version": 0,
          "attributes": {
            "arn": "arn:aws:ec2:eu-west-3:105054799343:route-table/rtb-0faa8712565ce4e85",
            "id": "rtb-0faa8712565ce4e85",
            "owner_id": "105054799343",
            "propagating_vgws": [],
            "route": [
              {
                "carrier_gateway_id": "",
                "cidr_block": "0.0.0.0/0",
                "core_network_arn": "",
                "destination_prefix_list_id": "",
                "egress_only_gateway_id": "",
                "gateway_id": "igw-0c7aea50f6634c9bc",
                "ipv6_cidr_block": "",
                "local_gateway_id": "",
                "nat_gateway_id": "",
                "network_interface_id": "",
                "transit_gateway_id": "",
                "vpc_endpoint_id": "",
                "vpc_peering_connection_id": ""
              }
            ],
            "tags": {
              "Name": "rtbl-stratio-preprod-pub-subnets"
            },
            "tags_all": {
              "Name": "rtbl-stratio-preprod-pub-subnets"
            },
            "timeouts": null,
            "vpc_id": "vpc-066ad9c6a0558e6e5"
          },
          "sensitive_attributes": [],
          "private": "eyJlMmJmYjczMC1lY2FhLTExZTYtOGY4OC0zNDM2M2JjN2M0YzAiOnsiY3JlYXRlIjozMDAwMDAwMDAwMDAsImRlbGV0ZSI6MzAwMDAwMDAwMDAwLCJ1cGRhdGUiOjEyMDAwMDAwMDAwMH19",
          "dependencies": [
            "module.VPC.aws_vpc.this"
          ]
        }
      ]
    },
    {
      "module": "module.Route_Table[\"rtbl-stratio-preprod-pvt-subnets\"]",
      "mode": "managed",
      "type": "aws_route_table",
      "name": "this",
      "provider": "provider[\"registry.terraform.io/hashicorp/aws\"]",
      "instances": [
        {
          "schema_version": 0,
          "attributes": {
            "arn": "arn:aws:ec2:eu-west-3:105054799343:route-table/rtb-056073e2b9b18c822",
            "id": "rtb-056073e2b9b18c822",
            "owner_id": "105054799343",
            "propagating_vgws": [],
            "route": [
              {
                "carrier_gateway_id": "",
                "cidr_block": "0.0.0.0/0",
                "core_network_arn": "",
                "destination_prefix_list_id": "",
                "egress_only_gateway_id": "",
                "gateway_id": "",
                "ipv6_cidr_block": "",
                "local_gateway_id": "",
                "nat_gateway_id": "nat-0d8bb5a6ad7a8e0d8",
                "network_interface_id": "",
                "transit_gateway_id": "",
                "vpc_endpoint_id": "",
                "vpc_peering_connection_id": ""
              },
              {
                "carrier_gateway_id": "",
                "cidr_block": "10.110.0.0/16",
                "core_network_arn": "",
                "destination_prefix_list_id": "",
                "egress_only_gateway_id": "",
                "gateway_id": "vgw-0c4edf925782ce2de",
                "ipv6_cidr_block": "",
                "local_gateway_id": "",
                "nat_gateway_id": "",
                "network_interface_id": "",
                "transit_gateway_id": "",
                "vpc_endpoint_id": "",
                "vpc_peering_connection_id": ""
              }
            ],
            "tags": {
              "Name": "rtbl-stratio-preprod-pvt-subnets"
            },
            "tags_all": {
              "Name": "rtbl-stratio-preprod-pvt-subnets"
            },
            "timeouts": null,
            "vpc_id": "vpc-066ad9c6a0558e6e5"
          },
          "sensitive_attributes": [],
          "private": "eyJlMmJmYjczMC1lY2FhLTExZTYtOGY4OC0zNDM2M2JjN2M0YzAiOnsiY3JlYXRlIjozMDAwMDAwMDAwMDAsImRlbGV0ZSI6MzAwMDAwMDAwMDAwLCJ1cGRhdGUiOjEyMDAwMDAwMDAwMH19",
          "dependencies": [
            "module.VPC.aws_vpc.this"
          ]
        }
      ]
    },
    {
      "module": "module.SG-EKS[\"sg_eks_preprod_genia\"]",
      "mode": "managed",
      "type": "aws_security_group",
      "name": "this",
      "provider": "provider[\"registry.terraform.io/hashicorp/aws\"]",
      "instances": [
        {
          "schema_version": 1,
          "attributes": {
            "arn": "arn:aws:ec2:eu-west-3:105054799343:security-group/sg-09fc239353820f470",
            "description": "Managed by Terraform",
            "egress": [
              {
                "cidr_blocks": [
                  "0.0.0.0/0"
                ],
                "description": "",
                "from_port": 0,
                "ipv6_cidr_blocks": [],
                "prefix_list_ids": [],
                "protocol": "-1",
                "security_groups": [],
                "self": false,
                "to_port": 0
              }
            ],
            "id": "sg-09fc239353820f470",
            "ingress": [
              {
                "cidr_blocks": [
                  "0.0.0.0/0"
                ],
                "description": "Security group Cluster EKS",
                "from_port": 443,
                "ipv6_cidr_blocks": [],
                "prefix_list_ids": [],
                "protocol": "tcp",
                "security_groups": [],
                "self": false,
                "to_port": 443
              }
            ],
            "name": "terraform-20240507074115228800000005",
            "name_prefix": "terraform-",
            "owner_id": "105054799343",
            "revoke_rules_on_delete": false,
            "tags": {
              "Name": "sg_eks_preprod_genia"
            },
            "tags_all": {
              "Name": "sg_eks_preprod_genia"
            },
            "timeouts": null,
            "vpc_id": "vpc-066ad9c6a0558e6e5"
          },
          "sensitive_attributes": [],
          "private": "eyJlMmJmYjczMC1lY2FhLTExZTYtOGY4OC0zNDM2M2JjN2M0YzAiOnsiY3JlYXRlIjo2MDAwMDAwMDAwMDAsImRlbGV0ZSI6OTAwMDAwMDAwMDAwfSwic2NoZW1hX3ZlcnNpb24iOiIxIn0=",
          "dependencies": [
            "module.VPC.aws_vpc.this"
          ]
        }
      ]
    },
    {
      "module": "module.VPC[\"vpc-stratio-preprod\"]",
      "mode": "managed",
      "type": "aws_vpc",
      "name": "this",
      "provider": "provider[\"registry.terraform.io/hashicorp/aws\"]",
      "instances": [
        {
          "schema_version": 1,
          "attributes": {
            "arn": "arn:aws:ec2:eu-west-3:105054799343:vpc/vpc-066ad9c6a0558e6e5",
            "assign_generated_ipv6_cidr_block": false,
            "cidr_block": "10.120.204.0/23",
            "default_network_acl_id": "acl-01e15ce134ef23018",
            "default_route_table_id": "rtb-0f4ebbfdcbe6de635",
            "default_security_group_id": "sg-0f562a10608557166",
            "dhcp_options_id": "dopt-92f135fb",
            "enable_dns_hostnames": true,
            "enable_dns_support": true,
            "enable_network_address_usage_metrics": false,
            "id": "vpc-066ad9c6a0558e6e5",
            "instance_tenancy": "default",
            "ipv4_ipam_pool_id": null,
            "ipv4_netmask_length": null,
            "ipv6_association_id": "",
            "ipv6_cidr_block": "",
            "ipv6_cidr_block_network_border_group": "",
            "ipv6_ipam_pool_id": "",
            "ipv6_netmask_length": 0,
            "main_route_table_id": "rtb-0f4ebbfdcbe6de635",
            "owner_id": "105054799343",
            "tags": {
              "Name": "vpc-stratio-preprod"
            },
            "tags_all": {
              "Name": "vpc-stratio-preprod"
            }
          },
          "sensitive_attributes": [],
          "private": "eyJzY2hlbWFfdmVyc2lvbiI6IjEifQ=="
        }
      ]
    },
    {
      "module": "module.private_routes[\"rtbl-stratio-preprod-pvt-subnets\"]",
      "mode": "managed",
      "type": "aws_route",
      "name": "nat",
      "provider": "provider[\"registry.terraform.io/hashicorp/aws\"]",
      "instances": [
        {
          "schema_version": 0,
          "attributes": {
            "carrier_gateway_id": "",
            "core_network_arn": "",
            "destination_cidr_block": "0.0.0.0/0",
            "destination_ipv6_cidr_block": "",
            "destination_prefix_list_id": "",
            "egress_only_gateway_id": "",
            "gateway_id": "",
            "id": "r-rtb-056073e2b9b18c8221080289494",
            "instance_id": "",
            "instance_owner_id": "",
            "local_gateway_id": "",
            "nat_gateway_id": "nat-0d8bb5a6ad7a8e0d8",
            "network_interface_id": "",
            "origin": "CreateRoute",
            "route_table_id": "rtb-056073e2b9b18c822",
            "state": "active",
            "timeouts": null,
            "transit_gateway_id": "",
            "vpc_endpoint_id": "",
            "vpc_peering_connection_id": ""
          },
          "sensitive_attributes": [],
          "private": "eyJlMmJmYjczMC1lY2FhLTExZTYtOGY4OC0zNDM2M2JjN2M0YzAiOnsiY3JlYXRlIjozMDAwMDAwMDAwMDAsImRlbGV0ZSI6MzAwMDAwMDAwMDAwLCJ1cGRhdGUiOjEyMDAwMDAwMDAwMH19",
          "dependencies": [
            "module.Elastic_IP.aws_eip.this",
            "module.NAT_Gateway.aws_nat_gateway.this",
            "module.Public_Subnets.aws_subnet.this",
            "module.Route_Table.aws_route_table.this",
            "module.VPC.aws_vpc.this"
          ]
        }
      ]
    },
    {
      "module": "module.private_routes[\"rtbl-stratio-preprod-pvt-subnets\"]",
      "mode": "managed",
      "type": "aws_route",
      "name": "vgw",
      "provider": "provider[\"registry.terraform.io/hashicorp/aws\"]",
      "instances": [
        {
          "schema_version": 0,
          "attributes": {
            "carrier_gateway_id": "",
            "core_network_arn": "",
            "destination_cidr_block": "10.110.0.0/16",
            "destination_ipv6_cidr_block": "",
            "destination_prefix_list_id": "",
            "egress_only_gateway_id": "",
            "gateway_id": "vgw-0c4edf925782ce2de",
            "id": "r-rtb-056073e2b9b18c82220590921",
            "instance_id": "",
            "instance_owner_id": "",
            "local_gateway_id": "",
            "nat_gateway_id": "",
            "network_interface_id": "",
            "origin": "CreateRoute",
            "route_table_id": "rtb-056073e2b9b18c822",
            "state": "active",
            "timeouts": null,
            "transit_gateway_id": "",
            "vpc_endpoint_id": "",
            "vpc_peering_connection_id": ""
          },
          "sensitive_attributes": [],
          "private": "eyJlMmJmYjczMC1lY2FhLTExZTYtOGY4OC0zNDM2M2JjN2M0YzAiOnsiY3JlYXRlIjozMDAwMDAwMDAwMDAsImRlbGV0ZSI6MzAwMDAwMDAwMDAwLCJ1cGRhdGUiOjEyMDAwMDAwMDAwMH19",
          "dependencies": [
            "module.Route_Table.aws_route_table.this",
            "module.VPC.aws_vpc.this",
            "module.vpn_connection.aws_customer_gateway.cgw",
            "module.vpn_connection.aws_vpn_connection.vpn",
            "module.vpn_connection.aws_vpn_connection_route.stratio-servers",
            "module.vpn_connection.aws_vpn_connection_route.stratio-vpn",
            "module.vpn_connection.aws_vpn_gateway.vgw",
            "module.vpn_connection.fortios_firewall_address.address",
            "module.vpn_connection.fortios_firewall_policy.rule1",
            "module.vpn_connection.fortios_firewall_policy.rule2",
            "module.vpn_connection.fortios_firewall_policy.rule3",
            "module.vpn_connection.fortios_firewall_policy.rule4",
            "module.vpn_connection.fortios_router_static.static_route1",
            "module.vpn_connection.fortios_router_static.static_route2",
            "module.vpn_connection.fortios_vpnipsec_phase1interface.vpn1_phase1",
            "module.vpn_connection.fortios_vpnipsec_phase1interface.vpn2_phase1",
            "module.vpn_connection.fortios_vpnipsec_phase2interface.vpn1_phase2_1",
            "module.vpn_connection.fortios_vpnipsec_phase2interface.vpn1_phase2_2",
            "module.vpn_connection.fortios_vpnipsec_phase2interface.vpn2_phase2_1",
            "module.vpn_connection.fortios_vpnipsec_phase2interface.vpn2_phase2_2",
            "module.vpn_connection.random_integer.random_number1",
            "module.vpn_connection.random_integer.random_number2",
            "module.vpn_connection.random_integer.random_number3",
            "module.vpn_connection.random_integer.random_number4",
            "module.vpn_connection.random_password.preshared_key"
          ]
        }
      ]
    },
    {
      "module": "module.public_routes[\"rtbl-stratio-preprod-pub-subnets\"]",
      "mode": "managed",
      "type": "aws_route",
      "name": "this",
      "provider": "provider[\"registry.terraform.io/hashicorp/aws\"]",
      "instances": [
        {
          "schema_version": 0,
          "attributes": {
            "carrier_gateway_id": "",
            "core_network_arn": "",
            "destination_cidr_block": "0.0.0.0/0",
            "destination_ipv6_cidr_block": "",
            "destination_prefix_list_id": "",
            "egress_only_gateway_id": "",
            "gateway_id": "igw-0c7aea50f6634c9bc",
            "id": "r-rtb-0faa8712565ce4e851080289494",
            "instance_id": "",
            "instance_owner_id": "",
            "local_gateway_id": "",
            "nat_gateway_id": "",
            "network_interface_id": "",
            "origin": "CreateRoute",
            "route_table_id": "rtb-0faa8712565ce4e85",
            "state": "active",
            "timeouts": null,
            "transit_gateway_id": "",
            "vpc_endpoint_id": "",
            "vpc_peering_connection_id": ""
          },
          "sensitive_attributes": [],
          "private": "eyJlMmJmYjczMC1lY2FhLTExZTYtOGY4OC0zNDM2M2JjN2M0YzAiOnsiY3JlYXRlIjozMDAwMDAwMDAwMDAsImRlbGV0ZSI6MzAwMDAwMDAwMDAwLCJ1cGRhdGUiOjEyMDAwMDAwMDAwMH19",
          "dependencies": [
            "module.Internet_Gateway.aws_internet_gateway.this",
            "module.Route_Table.aws_route_table.this",
            "module.VPC.aws_vpc.this"
          ]
        }
      ]
    },
    {
      "module": "module.route_table_association_private[\"association_1\"]",
      "mode": "managed",
      "type": "aws_route_table_association",
      "name": "this",
      "provider": "provider[\"registry.terraform.io/hashicorp/aws\"]",
      "instances": [
        {
          "schema_version": 0,
          "attributes": {
            "gateway_id": "",
            "id": "rtbassoc-00ee46ebe910ab8b2",
            "route_table_id": "rtb-056073e2b9b18c822",
            "subnet_id": "subnet-0aeb6413dbee5bd50",
            "timeouts": null
          },
          "sensitive_attributes": [],
          "private": "eyJlMmJmYjczMC1lY2FhLTExZTYtOGY4OC0zNDM2M2JjN2M0YzAiOnsiY3JlYXRlIjozMDAwMDAwMDAwMDAsImRlbGV0ZSI6MzAwMDAwMDAwMDAwLCJ1cGRhdGUiOjEyMDAwMDAwMDAwMH19",
          "dependencies": [
            "module.Private_Subnets.aws_subnet.this",
            "module.Route_Table.aws_route_table.this",
            "module.VPC.aws_vpc.this"
          ]
        }
      ]
    },
    {
      "module": "module.route_table_association_private[\"association_2\"]",
      "mode": "managed",
      "type": "aws_route_table_association",
      "name": "this",
      "provider": "provider[\"registry.terraform.io/hashicorp/aws\"]",
      "instances": [
        {
          "schema_version": 0,
          "attributes": {
            "gateway_id": "",
            "id": "rtbassoc-0cd9806596700f768",
            "route_table_id": "rtb-056073e2b9b18c822",
            "subnet_id": "subnet-075903de08488b84b",
            "timeouts": null
          },
          "sensitive_attributes": [],
          "private": "eyJlMmJmYjczMC1lY2FhLTExZTYtOGY4OC0zNDM2M2JjN2M0YzAiOnsiY3JlYXRlIjozMDAwMDAwMDAwMDAsImRlbGV0ZSI6MzAwMDAwMDAwMDAwLCJ1cGRhdGUiOjEyMDAwMDAwMDAwMH19",
          "dependencies": [
            "module.Private_Subnets.aws_subnet.this",
            "module.Route_Table.aws_route_table.this",
            "module.VPC.aws_vpc.this"
          ]
        }
      ]
    },
    {
      "module": "module.route_table_association_public[\"association_1\"]",
      "mode": "managed",
      "type": "aws_route_table_association",
      "name": "this",
      "provider": "provider[\"registry.terraform.io/hashicorp/aws\"]",
      "instances": [
        {
          "schema_version": 0,
          "attributes": {
            "gateway_id": "",
            "id": "rtbassoc-02c6c34b47e284875",
            "route_table_id": "rtb-0faa8712565ce4e85",
            "subnet_id": "subnet-0152a5f18b9dd311d",
            "timeouts": null
          },
          "sensitive_attributes": [],
          "private": "eyJlMmJmYjczMC1lY2FhLTExZTYtOGY4OC0zNDM2M2JjN2M0YzAiOnsiY3JlYXRlIjozMDAwMDAwMDAwMDAsImRlbGV0ZSI6MzAwMDAwMDAwMDAwLCJ1cGRhdGUiOjEyMDAwMDAwMDAwMH19",
          "dependencies": [
            "module.Public_Subnets.aws_subnet.this",
            "module.Route_Table.aws_route_table.this",
            "module.VPC.aws_vpc.this"
          ]
        }
      ]
    },
    {
      "module": "module.route_table_association_public[\"association_2\"]",
      "mode": "managed",
      "type": "aws_route_table_association",
      "name": "this",
      "provider": "provider[\"registry.terraform.io/hashicorp/aws\"]",
      "instances": [
        {
          "schema_version": 0,
          "attributes": {
            "gateway_id": "",
            "id": "rtbassoc-0260a3184911c3b42",
            "route_table_id": "rtb-0faa8712565ce4e85",
            "subnet_id": "subnet-0f8fae2f53519d5b8",
            "timeouts": null
          },
          "sensitive_attributes": [],
          "private": "eyJlMmJmYjczMC1lY2FhLTExZTYtOGY4OC0zNDM2M2JjN2M0YzAiOnsiY3JlYXRlIjozMDAwMDAwMDAwMDAsImRlbGV0ZSI6MzAwMDAwMDAwMDAwLCJ1cGRhdGUiOjEyMDAwMDAwMDAwMH19",
          "dependencies": [
            "module.Public_Subnets.aws_subnet.this",
            "module.Route_Table.aws_route_table.this",
            "module.VPC.aws_vpc.this"
          ]
        }
      ]
    },
    {
      "module": "module.vpn_connection[\"vpn-stratio-preprod\"]",
      "mode": "managed",
      "type": "aws_customer_gateway",
      "name": "cgw",
      "provider": "provider[\"registry.terraform.io/hashicorp/aws\"]",
      "instances": [
        {
          "schema_version": 0,
          "attributes": {
            "arn": "arn:aws:ec2:eu-west-3:105054799343:customer-gateway/cgw-0f0cf755089022d5a",
            "bgp_asn": "65000",
            "certificate_arn": "",
            "device_name": "",
            "id": "cgw-0f0cf755089022d5a",
            "ip_address": "62.97.72.54",
            "tags": {
              "Name": "TF Stratio"
            },
            "tags_all": {
              "Name": "TF Stratio"
            },
            "type": "ipsec.1"
          },
          "sensitive_attributes": [],
          "private": "bnVsbA=="
        }
      ]
    },
    {
      "module": "module.vpn_connection[\"vpn-stratio-preprod\"]",
      "mode": "managed",
      "type": "aws_vpn_connection",
      "name": "vpn",
      "provider": "provider[\"registry.terraform.io/hashicorp/aws\"]",
      "instances": [
        {
          "schema_version": 0,
          "attributes": {
            "arn": "arn:aws:ec2:eu-west-3:105054799343:vpn-connection/vpn-0861b655921e64caf",
            "core_network_arn": "",
            "core_network_attachment_arn": "",
            "customer_gateway_configuration": "\u003c?xml version=\"1.0\" encoding=\"UTF-8\"?\u003e\n\u003cvpn_connection id=\"vpn-0861b655921e64caf\"\u003e\n  \u003ccustomer_gateway_id\u003ecgw-0f0cf755089022d5a\u003c/customer_gateway_id\u003e\n  \u003cvpn_gateway_id\u003evgw-0c4edf925782ce2de\u003c/vpn_gateway_id\u003e\n  \u003cvpn_connection_type\u003eipsec.1\u003c/vpn_connection_type\u003e\n  \u003cvpn_connection_attributes\u003eNoBGPVPNConnection\u003c/vpn_connection_attributes\u003e\n  \u003cipsec_tunnel\u003e\n    \u003ccustomer_gateway\u003e\n      \u003ctunnel_outside_address\u003e\n        \u003cip_address\u003e62.97.72.54\u003c/ip_address\u003e\n      \u003c/tunnel_outside_address\u003e\n      \u003ctunnel_inside_address\u003e\n        \u003cip_address\u003e169.254.70.42\u003c/ip_address\u003e\n        \u003cnetwork_mask\u003e255.255.255.252\u003c/network_mask\u003e\n        \u003cnetwork_cidr\u003e30\u003c/network_cidr\u003e\n      \u003c/tunnel_inside_address\u003e\n    \u003c/customer_gateway\u003e\n    \u003cvpn_gateway\u003e\n      \u003ctunnel_outside_address\u003e\n        \u003cip_address\u003e35.181.202.59\u003c/ip_address\u003e\n      \u003c/tunnel_outside_address\u003e\n      \u003ctunnel_inside_address\u003e\n        \u003cip_address\u003e169.254.70.41\u003c/ip_address\u003e\n        \u003cnetwork_mask\u003e255.255.255.252\u003c/network_mask\u003e\n        \u003cnetwork_cidr\u003e30\u003c/network_cidr\u003e\n      \u003c/tunnel_inside_address\u003e\n    \u003c/vpn_gateway\u003e\n    \u003cike\u003e\n      \u003cauthentication_protocol\u003esha1\u003c/authentication_protocol\u003e\n      \u003cencryption_protocol\u003eaes-256-cbc\u003c/encryption_protocol\u003e\n      \u003clifetime\u003e28800\u003c/lifetime\u003e\n      \u003cperfect_forward_secrecy\u003egroup2\u003c/perfect_forward_secrecy\u003e\n      \u003cmode\u003emain\u003c/mode\u003e\n      \u003cpre_shared_key\u003eOgdNdZudiytO7sFg\u003c/pre_shared_key\u003e\n    \u003c/ike\u003e\n    \u003cipsec\u003e\n      \u003cprotocol\u003eesp\u003c/protocol\u003e\n      \u003cauthentication_protocol\u003ehmac-sha1-96\u003c/authentication_protocol\u003e\n      \u003cencryption_protocol\u003eaes-256-cbc\u003c/encryption_protocol\u003e\n      \u003clifetime\u003e3600\u003c/lifetime\u003e\n      \u003cperfect_forward_secrecy\u003egroup2\u003c/perfect_forward_secrecy\u003e\n      \u003cmode\u003etunnel\u003c/mode\u003e\n      \u003cclear_df_bit\u003etrue\u003c/clear_df_bit\u003e\n      \u003cfragmentation_before_encryption\u003etrue\u003c/fragmentation_before_encryption\u003e\n      \u003ctcp_mss_adjustment\u003e1379\u003c/tcp_mss_adjustment\u003e\n      \u003cdead_peer_detection\u003e\n        \u003cinterval\u003e10\u003c/interval\u003e\n        \u003cretries\u003e3\u003c/retries\u003e\n      \u003c/dead_peer_detection\u003e\n    \u003c/ipsec\u003e\n  \u003c/ipsec_tunnel\u003e\n  \u003cipsec_tunnel\u003e\n    \u003ccustomer_gateway\u003e\n      \u003ctunnel_outside_address\u003e\n        \u003cip_address\u003e62.97.72.54\u003c/ip_address\u003e\n      \u003c/tunnel_outside_address\u003e\n      \u003ctunnel_inside_address\u003e\n        \u003cip_address\u003e169.254.109.146\u003c/ip_address\u003e\n        \u003cnetwork_mask\u003e255.255.255.252\u003c/network_mask\u003e\n        \u003cnetwork_cidr\u003e30\u003c/network_cidr\u003e\n      \u003c/tunnel_inside_address\u003e\n    \u003c/customer_gateway\u003e\n    \u003cvpn_gateway\u003e\n      \u003ctunnel_outside_address\u003e\n        \u003cip_address\u003e52.47.213.50\u003c/ip_address\u003e\n      \u003c/tunnel_outside_address\u003e\n      \u003ctunnel_inside_address\u003e\n        \u003cip_address\u003e169.254.109.145\u003c/ip_address\u003e\n        \u003cnetwork_mask\u003e255.255.255.252\u003c/network_mask\u003e\n        \u003cnetwork_cidr\u003e30\u003c/network_cidr\u003e\n      \u003c/tunnel_inside_address\u003e\n    \u003c/vpn_gateway\u003e\n    \u003cike\u003e\n      \u003cauthentication_protocol\u003esha1\u003c/authentication_protocol\u003e\n      \u003cencryption_protocol\u003eaes-256-cbc\u003c/encryption_protocol\u003e\n      \u003clifetime\u003e28800\u003c/lifetime\u003e\n      \u003cperfect_forward_secrecy\u003egroup2\u003c/perfect_forward_secrecy\u003e\n      \u003cmode\u003emain\u003c/mode\u003e\n      \u003cpre_shared_key\u003eOgdNdZudiytO7sFg\u003c/pre_shared_key\u003e\n    \u003c/ike\u003e\n    \u003cipsec\u003e\n      \u003cprotocol\u003eesp\u003c/protocol\u003e\n      \u003cauthentication_protocol\u003ehmac-sha1-96\u003c/authentication_protocol\u003e\n      \u003cencryption_protocol\u003eaes-256-cbc\u003c/encryption_protocol\u003e\n      \u003clifetime\u003e3600\u003c/lifetime\u003e\n      \u003cperfect_forward_secrecy\u003egroup2\u003c/perfect_forward_secrecy\u003e\n      \u003cmode\u003etunnel\u003c/mode\u003e\n      \u003cclear_df_bit\u003etrue\u003c/clear_df_bit\u003e\n      \u003cfragmentation_before_encryption\u003etrue\u003c/fragmentation_before_encryption\u003e\n      \u003ctcp_mss_adjustment\u003e1379\u003c/tcp_mss_adjustment\u003e\n      \u003cdead_peer_detection\u003e\n        \u003cinterval\u003e10\u003c/interval\u003e\n        \u003cretries\u003e3\u003c/retries\u003e\n      \u003c/dead_peer_detection\u003e\n    \u003c/ipsec\u003e\n  \u003c/ipsec_tunnel\u003e\n\u003c/vpn_connection\u003e\n",
            "customer_gateway_id": "cgw-0f0cf755089022d5a",
            "enable_acceleration": false,
            "id": "vpn-0861b655921e64caf",
            "local_ipv4_network_cidr": "0.0.0.0/0",
            "local_ipv6_network_cidr": "",
            "outside_ip_address_type": "PublicIpv4",
            "remote_ipv4_network_cidr": "0.0.0.0/0",
            "remote_ipv6_network_cidr": "",
            "routes": [
              {
                "destination_cidr_block": "10.110.0.0/24",
                "source": "",
                "state": "available"
              },
              {
                "destination_cidr_block": "10.200.0.0/16",
                "source": "",
                "state": "available"
              }
            ],
            "static_routes_only": true,
            "tags": {
              "Name": "vpn-stratio-preprod"
            },
            "tags_all": {
              "Name": "vpn-stratio-preprod"
            },
            "transit_gateway_attachment_id": "",
            "transit_gateway_id": "",
            "transport_transit_gateway_attachment_id": "",
            "tunnel1_address": "35.181.202.59",
            "tunnel1_bgp_asn": "",
            "tunnel1_bgp_holdtime": 0,
            "tunnel1_cgw_inside_address": "169.254.70.42",
            "tunnel1_dpd_timeout_action": "",
            "tunnel1_dpd_timeout_seconds": 0,
            "tunnel1_enable_tunnel_lifecycle_control": false,
            "tunnel1_ike_versions": [
              "ikev2"
            ],
            "tunnel1_inside_cidr": "169.254.70.40/30",
            "tunnel1_inside_ipv6_cidr": "",
            "tunnel1_log_options": [
              {
                "cloudwatch_log_options": [
                  {
                    "log_enabled": false,
                    "log_group_arn": "",
                    "log_output_format": ""
                  }
                ]
              }
            ],
            "tunnel1_phase1_dh_group_numbers": [
              20
            ],
            "tunnel1_phase1_encryption_algorithms": [
              "AES256"
            ],
            "tunnel1_phase1_integrity_algorithms": [
              "SHA2-256"
            ],
            "tunnel1_phase1_lifetime_seconds": 0,
            "tunnel1_phase2_dh_group_numbers": [
              20
            ],
            "tunnel1_phase2_encryption_algorithms": [
              "AES256"
            ],
            "tunnel1_phase2_integrity_algorithms": [
              "SHA2-256"
            ],
            "tunnel1_phase2_lifetime_seconds": 0,
            "tunnel1_preshared_key": "OgdNdZudiytO7sFg",
            "tunnel1_rekey_fuzz_percentage": 0,
            "tunnel1_rekey_margin_time_seconds": 0,
            "tunnel1_replay_window_size": 0,
            "tunnel1_startup_action": "",
            "tunnel1_vgw_inside_address": "169.254.70.41",
            "tunnel2_address": "52.47.213.50",
            "tunnel2_bgp_asn": "",
            "tunnel2_bgp_holdtime": 0,
            "tunnel2_cgw_inside_address": "169.254.109.146",
            "tunnel2_dpd_timeout_action": "",
            "tunnel2_dpd_timeout_seconds": 0,
            "tunnel2_enable_tunnel_lifecycle_control": false,
            "tunnel2_ike_versions": [
              "ikev2"
            ],
            "tunnel2_inside_cidr": "169.254.109.144/30",
            "tunnel2_inside_ipv6_cidr": "",
            "tunnel2_log_options": [
              {
                "cloudwatch_log_options": [
                  {
                    "log_enabled": false,
                    "log_group_arn": "",
                    "log_output_format": ""
                  }
                ]
              }
            ],
            "tunnel2_phase1_dh_group_numbers": [
              20
            ],
            "tunnel2_phase1_encryption_algorithms": [
              "AES256"
            ],
            "tunnel2_phase1_integrity_algorithms": [
              "SHA2-256"
            ],
            "tunnel2_phase1_lifetime_seconds": 0,
            "tunnel2_phase2_dh_group_numbers": [
              20
            ],
            "tunnel2_phase2_encryption_algorithms": [
              "AES256"
            ],
            "tunnel2_phase2_integrity_algorithms": [
              "SHA2-256"
            ],
            "tunnel2_phase2_lifetime_seconds": 0,
            "tunnel2_preshared_key": "OgdNdZudiytO7sFg",
            "tunnel2_rekey_fuzz_percentage": 0,
            "tunnel2_rekey_margin_time_seconds": 0,
            "tunnel2_replay_window_size": 0,
            "tunnel2_startup_action": "",
            "tunnel2_vgw_inside_address": "169.254.109.145",
            "tunnel_inside_ip_version": "ipv4",
            "type": "ipsec.1",
            "vgw_telemetry": [
              {
                "accepted_route_count": 2,
                "certificate_arn": "",
                "last_status_change": "2024-05-07T07:46:41Z",
                "outside_ip_address": "52.47.213.50",
                "status": "UP",
                "status_message": ""
              },
              {
                "accepted_route_count": 2,
                "certificate_arn": "",
                "last_status_change": "2024-05-07T07:46:45Z",
                "outside_ip_address": "35.181.202.59",
                "status": "UP",
                "status_message": ""
              }
            ],
            "vpn_gateway_id": "vgw-0c4edf925782ce2de"
          },
          "sensitive_attributes": [
            [
              {
                "type": "get_attr",
                "value": "customer_gateway_configuration"
              }
            ],
            [
              {
                "type": "get_attr",
                "value": "tunnel1_preshared_key"
              }
            ],
            [
              {
                "type": "get_attr",
                "value": "tunnel2_preshared_key"
              }
            ]
          ],
          "private": "bnVsbA==",
          "dependencies": [
            "module.VPC.aws_vpc.this",
            "module.vpn_connection.aws_customer_gateway.cgw",
            "module.vpn_connection.aws_vpn_gateway.vgw",
            "module.vpn_connection.random_password.preshared_key"
          ]
        }
      ]
    },
    {
      "module": "module.vpn_connection[\"vpn-stratio-preprod\"]",
      "mode": "managed",
      "type": "aws_vpn_connection_route",
      "name": "stratio-servers",
      "provider": "provider[\"registry.terraform.io/hashicorp/aws\"]",
      "instances": [
        {
          "schema_version": 0,
          "attributes": {
            "destination_cidr_block": "10.200.0.0/16",
            "id": "10.200.0.0/16:vpn-0861b655921e64caf",
            "vpn_connection_id": "vpn-0861b655921e64caf"
          },
          "sensitive_attributes": [],
          "private": "bnVsbA==",
          "dependencies": [
            "module.VPC.aws_vpc.this",
            "module.vpn_connection.aws_customer_gateway.cgw",
            "module.vpn_connection.aws_vpn_connection.vpn",
            "module.vpn_connection.aws_vpn_gateway.vgw",
            "module.vpn_connection.random_password.preshared_key"
          ]
        }
      ]
    },
    {
      "module": "module.vpn_connection[\"vpn-stratio-preprod\"]",
      "mode": "managed",
      "type": "aws_vpn_connection_route",
      "name": "stratio-vpn",
      "provider": "provider[\"registry.terraform.io/hashicorp/aws\"]",
      "instances": [
        {
          "schema_version": 0,
          "attributes": {
            "destination_cidr_block": "10.110.0.0/24",
            "id": "10.110.0.0/24:vpn-0861b655921e64caf",
            "vpn_connection_id": "vpn-0861b655921e64caf"
          },
          "sensitive_attributes": [],
          "private": "bnVsbA==",
          "dependencies": [
            "module.VPC.aws_vpc.this",
            "module.vpn_connection.aws_customer_gateway.cgw",
            "module.vpn_connection.aws_vpn_connection.vpn",
            "module.vpn_connection.aws_vpn_gateway.vgw",
            "module.vpn_connection.random_password.preshared_key"
          ]
        }
      ]
    },
    {
      "module": "module.vpn_connection[\"vpn-stratio-preprod\"]",
      "mode": "managed",
      "type": "aws_vpn_gateway",
      "name": "vgw",
      "provider": "provider[\"registry.terraform.io/hashicorp/aws\"]",
      "instances": [
        {
          "schema_version": 0,
          "attributes": {
            "amazon_side_asn": "64512",
            "arn": "arn:aws:ec2:eu-west-3:105054799343:vpn-gateway/vgw-0c4edf925782ce2de",
            "availability_zone": null,
            "id": "vgw-0c4edf925782ce2de",
            "tags": {
              "Name": "vpn-stratio-preprod"
            },
            "tags_all": {
              "Name": "vpn-stratio-preprod"
            },
            "vpc_id": "vpc-066ad9c6a0558e6e5"
          },
          "sensitive_attributes": [],
          "private": "bnVsbA==",
          "dependencies": [
            "module.VPC.aws_vpc.this"
          ]
        }
      ]
    },
    {
      "module": "module.vpn_connection[\"vpn-stratio-preprod\"]",
      "mode": "managed",
      "type": "fortios_firewall_address",
      "name": "address",
      "provider": "provider[\"registry.terraform.io/fortinetdev/fortios\"]",
      "instances": [
        {
          "schema_version": 0,
          "attributes": {
            "allow_routing": "disable",
            "associated_interface": "",
            "cache_ttl": 0,
            "clearpass_spt": "unknown",
            "color": 0,
            "comment": "vpn-stratio-preprod",
            "country": "",
            "dynamic_sort_subtable": "false",
            "end_ip": "",
            "end_mac": "",
            "epg_name": "",
            "fabric_object": "disable",
            "filter": "",
            "fqdn": "",
            "fsso_group": [],
            "get_all_tables": "false",
            "hw_model": "",
            "hw_vendor": "",
            "id": "AWS-PRE- ADDRESS",
            "interface": "",
            "list": [],
            "macaddr": [],
            "name": "AWS-PRE- ADDRESS",
            "node_ip_only": "disable",
            "obj_id": "",
            "obj_tag": "",
            "obj_type": "ip",
            "organization": "",
            "os": "",
            "policy_group": "",
            "route_tag": 0,
            "sdn": "",
            "sdn_addr_type": "private",
            "sdn_tag": "",
            "start_ip": "",
            "start_mac": "",
            "sub_type": "sdn",
            "subnet": "10.120.204.0 255.255.254.0",
            "subnet_name": "",
            "sw_version": "",
            "tag_detection_level": "",
            "tag_type": "",
            "tagging": [],
            "tenant": "",
            "type": "ipmask",
            "uuid": "2eab9c56-0c45-51ef-eff5-ec053a75cbd1",
            "vdomparam": null,
            "visibility": "",
            "wildcard": "",
            "wildcard_fqdn": ""
          },
          "sensitive_attributes": [],
          "private": "bnVsbA==",
          "dependencies": [
            "module.VPC.aws_vpc.this"
          ]
        }
      ]
    },
    {
      "module": "module.vpn_connection[\"vpn-stratio-preprod\"]",
      "mode": "managed",
      "type": "fortios_firewall_policy",
      "name": "rule1",
      "provider": "provider[\"registry.terraform.io/fortinetdev/fortios\"]",
      "instances": [
        {
          "schema_version": 0,
          "attributes": {
            "action": "accept",
            "anti_replay": "enable",
            "app_category": [],
            "app_group": [],
            "application": [],
            "application_list": "",
            "auth_cert": "",
            "auth_path": "disable",
            "auth_redirect_addr": "",
            "auto_asic_offload": "enable",
            "av_profile": "",
            "block_notification": "disable",
            "captive_portal_exempt": "disable",
            "capture_packet": "disable",
            "casb_profile": "",
            "cifs_profile": "",
            "comments": "",
            "custom_log_fields": [],
            "decrypted_traffic_mirror": "",
            "delay_tcp_npu_session": "disable",
            "devices": [],
            "diameter_filter_profile": "",
            "diffserv_copy": "disable",
            "diffserv_forward": "disable",
            "diffserv_reverse": "disable",
            "diffservcode_forward": "000000",
            "diffservcode_rev": "000000",
            "disclaimer": "disable",
            "dlp_profile": "",
            "dlp_sensor": "",
            "dnsfilter_profile": "",
            "dsri": "disable",
            "dstaddr": [
              {
                "name": "AWS-PRE- ADDRESS"
              }
            ],
            "dstaddr6": [],
            "dstaddr6_negate": "disable",
            "dstaddr_negate": "disable",
            "dstintf": [
              {
                "name": "AWS-PRE-T1F1"
              }
            ],
            "dynamic_shaping": "disable",
            "dynamic_sort_subtable": "false",
            "email_collect": "disable",
            "emailfilter_profile": "",
            "fec": "disable",
            "file_filter_profile": "",
            "firewall_session_dirty": "check-all",
            "fixedport": "disable",
            "fsso": "",
            "fsso_agent_for_ntlm": "",
            "fsso_groups": [],
            "geoip_anycast": "disable",
            "geoip_match": "physical-location",
            "get_all_tables": "false",
            "global_label": "",
            "groups": [
              {
                "name": "LDAP_Users"
              }
            ],
            "http_policy_redirect": "disable",
            "icap_profile": "",
            "id": "832",
            "identity_based_route": "",
            "inbound": "disable",
            "inspection_mode": "flow",
            "internet_service": "disable",
            "internet_service6": "disable",
            "internet_service6_custom": [],
            "internet_service6_custom_group": [],
            "internet_service6_group": [],
            "internet_service6_name": [],
            "internet_service6_negate": "disable",
            "internet_service6_src": "disable",
            "internet_service6_src_custom": [],
            "internet_service6_src_custom_group": [],
            "internet_service6_src_group": [],
            "internet_service6_src_name": [],
            "internet_service6_src_negate": "disable",
            "internet_service_custom": [],
            "internet_service_custom_group": [],
            "internet_service_group": [],
            "internet_service_id": [],
            "internet_service_name": [],
            "internet_service_negate": "disable",
            "internet_service_src": "disable",
            "internet_service_src_custom": [],
            "internet_service_src_custom_group": [],
            "internet_service_src_group": [],
            "internet_service_src_id": [],
            "internet_service_src_name": [],
            "internet_service_src_negate": "disable",
            "ippool": "disable",
            "ips_sensor": "",
            "ips_voip_filter": "",
            "label": "",
            "learning_mode": "",
            "logtraffic": "utm",
            "logtraffic_start": "disable",
            "match_vip": "enable",
            "match_vip_only": "disable",
            "name": "TF - AWS-PRE- T1 R1",
            "nat": "disable",
            "nat46": "disable",
            "nat64": "disable",
            "natinbound": "disable",
            "natip": "0.0.0.0 0.0.0.0",
            "natoutbound": "disable",
            "network_service_dynamic": [],
            "network_service_src_dynamic": [],
            "np_acceleration": "",
            "ntlm": "disable",
            "ntlm_enabled_browsers": [],
            "ntlm_guest": "disable",
            "outbound": "enable",
            "passive_wan_health_measurement": "disable",
            "pcp_inbound": "",
            "pcp_outbound": "",
            "pcp_poolname": [],
            "per_ip_shaper": "",
            "permit_any_host": "disable",
            "permit_stun_host": "disable",
            "policy_expiry": "disable",
            "policy_expiry_date": "",
            "policy_expiry_date_utc": "",
            "policyid": 832,
            "poolname": [],
            "poolname6": [],
            "profile_group": "",
            "profile_protocol_options": "default",
            "profile_type": "single",
            "radius_mac_auth_bypass": "disable",
            "redirect_url": "",
            "replacemsg_override_group": "",
            "reputation_direction": "destination",
            "reputation_direction6": "destination",
            "reputation_minimum": 0,
            "reputation_minimum6": 0,
            "rsso": "",
            "rtp_addr": [],
            "rtp_nat": "disable",
            "scan_botnet_connections": "",
            "schedule": "always",
            "schedule_timeout": "disable",
            "sctp_filter_profile": "",
            "send_deny_packet": "disable",
            "service": [
              {
                "name": "ALL"
              }
            ],
            "service_negate": "disable",
            "session_ttl": 0,
            "sgt": [],
            "sgt_check": "disable",
            "spamfilter_profile": "",
            "src_vendor_mac": [],
            "srcaddr": [
              {
                "name": "Net_VPN-SSL_Employees_10.110.0.0/22"
              }
            ],
            "srcaddr6": [],
            "srcaddr6_negate": "disable",
            "srcaddr_negate": "disable",
            "srcintf": [
              {
                "name": "wan2"
              }
            ],
            "ssh_filter_profile": "",
            "ssh_policy_redirect": "disable",
            "ssl_mirror": "",
            "ssl_mirror_intf": [],
            "ssl_ssh_profile": "no-inspection",
            "status": "enable",
            "tcp_mss_receiver": 0,
            "tcp_mss_sender": 0,
            "tcp_session_without_syn": "disable",
            "timeout_send_rst": "disable",
            "tos": "0x00",
            "tos_mask": "0x00",
            "tos_negate": "disable",
            "traffic_shaper": "",
            "traffic_shaper_reverse": "",
            "url_category": [],
            "users": [],
            "utm_status": "disable",
            "uuid": "c46de67c-0c45-51ef-27bf-5afe509c7492",
            "vdomparam": null,
            "videofilter_profile": "",
            "virtual_patch_profile": "",
            "vlan_cos_fwd": 255,
            "vlan_cos_rev": 255,
            "vlan_filter": "",
            "voip_profile": "",
            "vpntunnel": "",
            "waf_profile": "",
            "wanopt": "disable",
            "wanopt_detection": "active",
            "wanopt_passive_opt": "default",
            "wanopt_peer": "",
            "wanopt_profile": "",
            "wccp": "disable",
            "webcache": "disable",
            "webcache_https": "disable",
            "webfilter_profile": "",
            "webproxy_forward_server": "",
            "webproxy_profile": "",
            "wsso": "",
            "ztna_device_ownership": "disable",
            "ztna_ems_tag": [],
            "ztna_ems_tag_secondary": [],
            "ztna_geo_tag": [],
            "ztna_policy_redirect": "disable",
            "ztna_status": "disable",
            "ztna_tags_match_logic": "or"
          },
          "sensitive_attributes": [],
          "private": "bnVsbA==",
          "dependencies": [
            "module.VPC.aws_vpc.this",
            "module.vpn_connection.aws_customer_gateway.cgw",
            "module.vpn_connection.aws_vpn_connection.vpn",
            "module.vpn_connection.aws_vpn_gateway.vgw",
            "module.vpn_connection.fortios_vpnipsec_phase1interface.vpn1_phase1",
            "module.vpn_connection.random_integer.random_number1",
            "module.vpn_connection.random_password.preshared_key"
          ]
        }
      ]
    },
    {
      "module": "module.vpn_connection[\"vpn-stratio-preprod\"]",
      "mode": "managed",
      "type": "fortios_firewall_policy",
      "name": "rule2",
      "provider": "provider[\"registry.terraform.io/fortinetdev/fortios\"]",
      "instances": [
        {
          "schema_version": 0,
          "attributes": {
            "action": "accept",
            "anti_replay": "enable",
            "app_category": [],
            "app_group": [],
            "application": [],
            "application_list": "",
            "auth_cert": "",
            "auth_path": "disable",
            "auth_redirect_addr": "",
            "auto_asic_offload": "enable",
            "av_profile": "",
            "block_notification": "disable",
            "captive_portal_exempt": "disable",
            "capture_packet": "disable",
            "casb_profile": "",
            "cifs_profile": "",
            "comments": "",
            "custom_log_fields": [],
            "decrypted_traffic_mirror": "",
            "delay_tcp_npu_session": "disable",
            "devices": [],
            "diameter_filter_profile": "",
            "diffserv_copy": "disable",
            "diffserv_forward": "disable",
            "diffserv_reverse": "disable",
            "diffservcode_forward": "000000",
            "diffservcode_rev": "000000",
            "disclaimer": "disable",
            "dlp_profile": "",
            "dlp_sensor": "",
            "dnsfilter_profile": "",
            "dsri": "disable",
            "dstaddr": [
              {
                "name": "AWS-PRE- ADDRESS"
              }
            ],
            "dstaddr6": [],
            "dstaddr6_negate": "disable",
            "dstaddr_negate": "disable",
            "dstintf": [
              {
                "name": "AWS-PRE-T1F1"
              }
            ],
            "dynamic_shaping": "disable",
            "dynamic_sort_subtable": "false",
            "email_collect": "disable",
            "emailfilter_profile": "",
            "fec": "disable",
            "file_filter_profile": "",
            "firewall_session_dirty": "check-all",
            "fixedport": "disable",
            "fsso": "",
            "fsso_agent_for_ntlm": "",
            "fsso_groups": [],
            "geoip_anycast": "disable",
            "geoip_match": "physical-location",
            "get_all_tables": "false",
            "global_label": "",
            "groups": [
              {
                "name": "LDAP_Sistemas"
              },
              {
                "name": "LDAP_Users"
              }
            ],
            "http_policy_redirect": "disable",
            "icap_profile": "",
            "id": "776",
            "identity_based_route": "",
            "inbound": "disable",
            "inspection_mode": "flow",
            "internet_service": "disable",
            "internet_service6": "disable",
            "internet_service6_custom": [],
            "internet_service6_custom_group": [],
            "internet_service6_group": [],
            "internet_service6_name": [],
            "internet_service6_negate": "disable",
            "internet_service6_src": "disable",
            "internet_service6_src_custom": [],
            "internet_service6_src_custom_group": [],
            "internet_service6_src_group": [],
            "internet_service6_src_name": [],
            "internet_service6_src_negate": "disable",
            "internet_service_custom": [],
            "internet_service_custom_group": [],
            "internet_service_group": [],
            "internet_service_id": [],
            "internet_service_name": [],
            "internet_service_negate": "disable",
            "internet_service_src": "disable",
            "internet_service_src_custom": [],
            "internet_service_src_custom_group": [],
            "internet_service_src_group": [],
            "internet_service_src_id": [],
            "internet_service_src_name": [],
            "internet_service_src_negate": "disable",
            "ippool": "disable",
            "ips_sensor": "",
            "ips_voip_filter": "",
            "label": "",
            "learning_mode": "",
            "logtraffic": "utm",
            "logtraffic_start": "disable",
            "match_vip": "enable",
            "match_vip_only": "disable",
            "name": "TF - AWS-PRE- T1 R2 ",
            "nat": "disable",
            "nat46": "disable",
            "nat64": "disable",
            "natinbound": "disable",
            "natip": "0.0.0.0 0.0.0.0",
            "natoutbound": "disable",
            "network_service_dynamic": [],
            "network_service_src_dynamic": [],
            "np_acceleration": "",
            "ntlm": "disable",
            "ntlm_enabled_browsers": [],
            "ntlm_guest": "disable",
            "outbound": "enable",
            "passive_wan_health_measurement": "disable",
            "pcp_inbound": "",
            "pcp_outbound": "",
            "pcp_poolname": [],
            "per_ip_shaper": "",
            "permit_any_host": "disable",
            "permit_stun_host": "disable",
            "policy_expiry": "disable",
            "policy_expiry_date": "",
            "policy_expiry_date_utc": "",
            "policyid": 776,
            "poolname": [],
            "poolname6": [],
            "profile_group": "",
            "profile_protocol_options": "default",
            "profile_type": "single",
            "radius_mac_auth_bypass": "disable",
            "redirect_url": "",
            "replacemsg_override_group": "",
            "reputation_direction": "destination",
            "reputation_direction6": "destination",
            "reputation_minimum": 0,
            "reputation_minimum6": 0,
            "rsso": "",
            "rtp_addr": [],
            "rtp_nat": "disable",
            "scan_botnet_connections": "",
            "schedule": "always",
            "schedule_timeout": "disable",
            "sctp_filter_profile": "",
            "send_deny_packet": "disable",
            "service": [
              {
                "name": "ALL"
              }
            ],
            "service_negate": "disable",
            "session_ttl": 0,
            "sgt": [],
            "sgt_check": "disable",
            "spamfilter_profile": "",
            "src_vendor_mac": [],
            "srcaddr": [
              {
                "name": "IPs_VPN-SSL_Employees_10.110.0.102-199"
              },
              {
                "name": "Net_VPN-SSL_Employees-Sysadmin_10.110.0.0/27"
              }
            ],
            "srcaddr6": [],
            "srcaddr6_negate": "disable",
            "srcaddr_negate": "disable",
            "srcintf": [
              {
                "name": "ssl.root"
              }
            ],
            "ssh_filter_profile": "",
            "ssh_policy_redirect": "disable",
            "ssl_mirror": "",
            "ssl_mirror_intf": [],
            "ssl_ssh_profile": "no-inspection",
            "status": "enable",
            "tcp_mss_receiver": 0,
            "tcp_mss_sender": 0,
            "tcp_session_without_syn": "disable",
            "timeout_send_rst": "disable",
            "tos": "0x00",
            "tos_mask": "0x00",
            "tos_negate": "disable",
            "traffic_shaper": "",
            "traffic_shaper_reverse": "",
            "url_category": [],
            "users": [],
            "utm_status": "disable",
            "uuid": "c4803250-0c45-51ef-2e01-f2d7935577c8",
            "vdomparam": null,
            "videofilter_profile": "",
            "virtual_patch_profile": "",
            "vlan_cos_fwd": 255,
            "vlan_cos_rev": 255,
            "vlan_filter": "",
            "voip_profile": "",
            "vpntunnel": "",
            "waf_profile": "",
            "wanopt": "disable",
            "wanopt_detection": "active",
            "wanopt_passive_opt": "default",
            "wanopt_peer": "",
            "wanopt_profile": "",
            "wccp": "disable",
            "webcache": "disable",
            "webcache_https": "disable",
            "webfilter_profile": "",
            "webproxy_forward_server": "",
            "webproxy_profile": "",
            "wsso": "",
            "ztna_device_ownership": "disable",
            "ztna_ems_tag": [],
            "ztna_ems_tag_secondary": [],
            "ztna_geo_tag": [],
            "ztna_policy_redirect": "disable",
            "ztna_status": "disable",
            "ztna_tags_match_logic": "or"
          },
          "sensitive_attributes": [],
          "private": "bnVsbA==",
          "dependencies": [
            "module.VPC.aws_vpc.this",
            "module.vpn_connection.aws_customer_gateway.cgw",
            "module.vpn_connection.aws_vpn_connection.vpn",
            "module.vpn_connection.aws_vpn_gateway.vgw",
            "module.vpn_connection.fortios_vpnipsec_phase1interface.vpn1_phase1",
            "module.vpn_connection.random_integer.random_number2",
            "module.vpn_connection.random_password.preshared_key"
          ]
        }
      ]
    },
    {
      "module": "module.vpn_connection[\"vpn-stratio-preprod\"]",
      "mode": "managed",
      "type": "fortios_firewall_policy",
      "name": "rule3",
      "provider": "provider[\"registry.terraform.io/fortinetdev/fortios\"]",
      "instances": [
        {
          "schema_version": 0,
          "attributes": {
            "action": "accept",
            "anti_replay": "enable",
            "app_category": [],
            "app_group": [],
            "application": [],
            "application_list": "",
            "auth_cert": "",
            "auth_path": "disable",
            "auth_redirect_addr": "",
            "auto_asic_offload": "enable",
            "av_profile": "",
            "block_notification": "disable",
            "captive_portal_exempt": "disable",
            "capture_packet": "disable",
            "casb_profile": "",
            "cifs_profile": "",
            "comments": "",
            "custom_log_fields": [],
            "decrypted_traffic_mirror": "",
            "delay_tcp_npu_session": "disable",
            "devices": [],
            "diameter_filter_profile": "",
            "diffserv_copy": "disable",
            "diffserv_forward": "disable",
            "diffserv_reverse": "disable",
            "diffservcode_forward": "000000",
            "diffservcode_rev": "000000",
            "disclaimer": "disable",
            "dlp_profile": "",
            "dlp_sensor": "",
            "dnsfilter_profile": "",
            "dsri": "disable",
            "dstaddr": [
              {
                "name": "AWS-PRE- ADDRESS"
              }
            ],
            "dstaddr6": [],
            "dstaddr6_negate": "disable",
            "dstaddr_negate": "disable",
            "dstintf": [
              {
                "name": "AWS-PRE-T2F1"
              }
            ],
            "dynamic_shaping": "disable",
            "dynamic_sort_subtable": "false",
            "email_collect": "disable",
            "emailfilter_profile": "",
            "fec": "disable",
            "file_filter_profile": "",
            "firewall_session_dirty": "check-all",
            "fixedport": "disable",
            "fsso": "",
            "fsso_agent_for_ntlm": "",
            "fsso_groups": [],
            "geoip_anycast": "disable",
            "geoip_match": "physical-location",
            "get_all_tables": "false",
            "global_label": "",
            "groups": [
              {
                "name": "LDAP_Users"
              }
            ],
            "http_policy_redirect": "disable",
            "icap_profile": "",
            "id": "708",
            "identity_based_route": "",
            "inbound": "disable",
            "inspection_mode": "flow",
            "internet_service": "disable",
            "internet_service6": "disable",
            "internet_service6_custom": [],
            "internet_service6_custom_group": [],
            "internet_service6_group": [],
            "internet_service6_name": [],
            "internet_service6_negate": "disable",
            "internet_service6_src": "disable",
            "internet_service6_src_custom": [],
            "internet_service6_src_custom_group": [],
            "internet_service6_src_group": [],
            "internet_service6_src_name": [],
            "internet_service6_src_negate": "disable",
            "internet_service_custom": [],
            "internet_service_custom_group": [],
            "internet_service_group": [],
            "internet_service_id": [],
            "internet_service_name": [],
            "internet_service_negate": "disable",
            "internet_service_src": "disable",
            "internet_service_src_custom": [],
            "internet_service_src_custom_group": [],
            "internet_service_src_group": [],
            "internet_service_src_id": [],
            "internet_service_src_name": [],
            "internet_service_src_negate": "disable",
            "ippool": "disable",
            "ips_sensor": "",
            "ips_voip_filter": "",
            "label": "",
            "learning_mode": "",
            "logtraffic": "utm",
            "logtraffic_start": "disable",
            "match_vip": "enable",
            "match_vip_only": "disable",
            "name": "TF - AWS-PRE- T2 R1",
            "nat": "disable",
            "nat46": "disable",
            "nat64": "disable",
            "natinbound": "disable",
            "natip": "0.0.0.0 0.0.0.0",
            "natoutbound": "disable",
            "network_service_dynamic": [],
            "network_service_src_dynamic": [],
            "np_acceleration": "",
            "ntlm": "disable",
            "ntlm_enabled_browsers": [],
            "ntlm_guest": "disable",
            "outbound": "enable",
            "passive_wan_health_measurement": "disable",
            "pcp_inbound": "",
            "pcp_outbound": "",
            "pcp_poolname": [],
            "per_ip_shaper": "",
            "permit_any_host": "disable",
            "permit_stun_host": "disable",
            "policy_expiry": "disable",
            "policy_expiry_date": "",
            "policy_expiry_date_utc": "",
            "policyid": 708,
            "poolname": [],
            "poolname6": [],
            "profile_group": "",
            "profile_protocol_options": "default",
            "profile_type": "single",
            "radius_mac_auth_bypass": "disable",
            "redirect_url": "",
            "replacemsg_override_group": "",
            "reputation_direction": "destination",
            "reputation_direction6": "destination",
            "reputation_minimum": 0,
            "reputation_minimum6": 0,
            "rsso": "",
            "rtp_addr": [],
            "rtp_nat": "disable",
            "scan_botnet_connections": "",
            "schedule": "always",
            "schedule_timeout": "disable",
            "sctp_filter_profile": "",
            "send_deny_packet": "disable",
            "service": [
              {
                "name": "ALL"
              }
            ],
            "service_negate": "disable",
            "session_ttl": 0,
            "sgt": [],
            "sgt_check": "disable",
            "spamfilter_profile": "",
            "src_vendor_mac": [],
            "srcaddr": [
              {
                "name": "Net_VPN-SSL_Employees_10.110.0.0/22"
              }
            ],
            "srcaddr6": [],
            "srcaddr6_negate": "disable",
            "srcaddr_negate": "disable",
            "srcintf": [
              {
                "name": "wan2"
              }
            ],
            "ssh_filter_profile": "",
            "ssh_policy_redirect": "disable",
            "ssl_mirror": "",
            "ssl_mirror_intf": [],
            "ssl_ssh_profile": "no-inspection",
            "status": "enable",
            "tcp_mss_receiver": 0,
            "tcp_mss_sender": 0,
            "tcp_session_without_syn": "disable",
            "timeout_send_rst": "disable",
            "tos": "0x00",
            "tos_mask": "0x00",
            "tos_negate": "disable",
            "traffic_shaper": "",
            "traffic_shaper_reverse": "",
            "url_category": [],
            "users": [],
            "utm_status": "disable",
            "uuid": "c463606c-0c45-51ef-cdb3-0b906eb2b322",
            "vdomparam": null,
            "videofilter_profile": "",
            "virtual_patch_profile": "",
            "vlan_cos_fwd": 255,
            "vlan_cos_rev": 255,
            "vlan_filter": "",
            "voip_profile": "",
            "vpntunnel": "",
            "waf_profile": "",
            "wanopt": "disable",
            "wanopt_detection": "active",
            "wanopt_passive_opt": "default",
            "wanopt_peer": "",
            "wanopt_profile": "",
            "wccp": "disable",
            "webcache": "disable",
            "webcache_https": "disable",
            "webfilter_profile": "",
            "webproxy_forward_server": "",
            "webproxy_profile": "",
            "wsso": "",
            "ztna_device_ownership": "disable",
            "ztna_ems_tag": [],
            "ztna_ems_tag_secondary": [],
            "ztna_geo_tag": [],
            "ztna_policy_redirect": "disable",
            "ztna_status": "disable",
            "ztna_tags_match_logic": "or"
          },
          "sensitive_attributes": [],
          "private": "bnVsbA==",
          "dependencies": [
            "module.VPC.aws_vpc.this",
            "module.vpn_connection.aws_customer_gateway.cgw",
            "module.vpn_connection.aws_vpn_connection.vpn",
            "module.vpn_connection.aws_vpn_gateway.vgw",
            "module.vpn_connection.fortios_vpnipsec_phase1interface.vpn2_phase1",
            "module.vpn_connection.random_integer.random_number3",
            "module.vpn_connection.random_password.preshared_key"
          ]
        }
      ]
    },
    {
      "module": "module.vpn_connection[\"vpn-stratio-preprod\"]",
      "mode": "managed",
      "type": "fortios_firewall_policy",
      "name": "rule4",
      "provider": "provider[\"registry.terraform.io/fortinetdev/fortios\"]",
      "instances": [
        {
          "schema_version": 0,
          "attributes": {
            "action": "accept",
            "anti_replay": "enable",
            "app_category": [],
            "app_group": [],
            "application": [],
            "application_list": "",
            "auth_cert": "",
            "auth_path": "disable",
            "auth_redirect_addr": "",
            "auto_asic_offload": "enable",
            "av_profile": "",
            "block_notification": "disable",
            "captive_portal_exempt": "disable",
            "capture_packet": "disable",
            "casb_profile": "",
            "cifs_profile": "",
            "comments": "",
            "custom_log_fields": [],
            "decrypted_traffic_mirror": "",
            "delay_tcp_npu_session": "disable",
            "devices": [],
            "diameter_filter_profile": "",
            "diffserv_copy": "disable",
            "diffserv_forward": "disable",
            "diffserv_reverse": "disable",
            "diffservcode_forward": "000000",
            "diffservcode_rev": "000000",
            "disclaimer": "disable",
            "dlp_profile": "",
            "dlp_sensor": "",
            "dnsfilter_profile": "",
            "dsri": "disable",
            "dstaddr": [
              {
                "name": "AWS-PRE- ADDRESS"
              }
            ],
            "dstaddr6": [],
            "dstaddr6_negate": "disable",
            "dstaddr_negate": "disable",
            "dstintf": [
              {
                "name": "AWS-PRE-T2F1"
              }
            ],
            "dynamic_shaping": "disable",
            "dynamic_sort_subtable": "false",
            "email_collect": "disable",
            "emailfilter_profile": "",
            "fec": "disable",
            "file_filter_profile": "",
            "firewall_session_dirty": "check-all",
            "fixedport": "disable",
            "fsso": "",
            "fsso_agent_for_ntlm": "",
            "fsso_groups": [],
            "geoip_anycast": "disable",
            "geoip_match": "physical-location",
            "get_all_tables": "false",
            "global_label": "",
            "groups": [
              {
                "name": "LDAP_Sistemas"
              },
              {
                "name": "LDAP_Users"
              }
            ],
            "http_policy_redirect": "disable",
            "icap_profile": "",
            "id": "878",
            "identity_based_route": "",
            "inbound": "disable",
            "inspection_mode": "flow",
            "internet_service": "disable",
            "internet_service6": "disable",
            "internet_service6_custom": [],
            "internet_service6_custom_group": [],
            "internet_service6_group": [],
            "internet_service6_name": [],
            "internet_service6_negate": "disable",
            "internet_service6_src": "disable",
            "internet_service6_src_custom": [],
            "internet_service6_src_custom_group": [],
            "internet_service6_src_group": [],
            "internet_service6_src_name": [],
            "internet_service6_src_negate": "disable",
            "internet_service_custom": [],
            "internet_service_custom_group": [],
            "internet_service_group": [],
            "internet_service_id": [],
            "internet_service_name": [],
            "internet_service_negate": "disable",
            "internet_service_src": "disable",
            "internet_service_src_custom": [],
            "internet_service_src_custom_group": [],
            "internet_service_src_group": [],
            "internet_service_src_id": [],
            "internet_service_src_name": [],
            "internet_service_src_negate": "disable",
            "ippool": "disable",
            "ips_sensor": "",
            "ips_voip_filter": "",
            "label": "",
            "learning_mode": "",
            "logtraffic": "utm",
            "logtraffic_start": "disable",
            "match_vip": "enable",
            "match_vip_only": "disable",
            "name": "TF - AWS-PRE- T2 R2 ",
            "nat": "disable",
            "nat46": "disable",
            "nat64": "disable",
            "natinbound": "disable",
            "natip": "0.0.0.0 0.0.0.0",
            "natoutbound": "disable",
            "network_service_dynamic": [],
            "network_service_src_dynamic": [],
            "np_acceleration": "",
            "ntlm": "disable",
            "ntlm_enabled_browsers": [],
            "ntlm_guest": "disable",
            "outbound": "enable",
            "passive_wan_health_measurement": "disable",
            "pcp_inbound": "",
            "pcp_outbound": "",
            "pcp_poolname": [],
            "per_ip_shaper": "",
            "permit_any_host": "disable",
            "permit_stun_host": "disable",
            "policy_expiry": "disable",
            "policy_expiry_date": "",
            "policy_expiry_date_utc": "",
            "policyid": 878,
            "poolname": [],
            "poolname6": [],
            "profile_group": "",
            "profile_protocol_options": "default",
            "profile_type": "single",
            "radius_mac_auth_bypass": "disable",
            "redirect_url": "",
            "replacemsg_override_group": "",
            "reputation_direction": "destination",
            "reputation_direction6": "destination",
            "reputation_minimum": 0,
            "reputation_minimum6": 0,
            "rsso": "",
            "rtp_addr": [],
            "rtp_nat": "disable",
            "scan_botnet_connections": "",
            "schedule": "always",
            "schedule_timeout": "disable",
            "sctp_filter_profile": "",
            "send_deny_packet": "disable",
            "service": [
              {
                "name": "ALL"
              }
            ],
            "service_negate": "disable",
            "session_ttl": 0,
            "sgt": [],
            "sgt_check": "disable",
            "spamfilter_profile": "",
            "src_vendor_mac": [],
            "srcaddr": [
              {
                "name": "IPs_VPN-SSL_Employees_10.110.0.102-199"
              },
              {
                "name": "Net_VPN-SSL_Employees-Sysadmin_10.110.0.0/27"
              }
            ],
            "srcaddr6": [],
            "srcaddr6_negate": "disable",
            "srcaddr_negate": "disable",
            "srcintf": [
              {
                "name": "ssl.root"
              }
            ],
            "ssh_filter_profile": "",
            "ssh_policy_redirect": "disable",
            "ssl_mirror": "",
            "ssl_mirror_intf": [],
            "ssl_ssh_profile": "no-inspection",
            "status": "enable",
            "tcp_mss_receiver": 0,
            "tcp_mss_sender": 0,
            "tcp_session_without_syn": "disable",
            "timeout_send_rst": "disable",
            "tos": "0x00",
            "tos_mask": "0x00",
            "tos_negate": "disable",
            "traffic_shaper": "",
            "traffic_shaper_reverse": "",
            "url_category": [],
            "users": [],
            "utm_status": "disable",
            "uuid": "c4609b8e-0c45-51ef-32ef-c68eef01c062",
            "vdomparam": null,
            "videofilter_profile": "",
            "virtual_patch_profile": "",
            "vlan_cos_fwd": 255,
            "vlan_cos_rev": 255,
            "vlan_filter": "",
            "voip_profile": "",
            "vpntunnel": "",
            "waf_profile": "",
            "wanopt": "disable",
            "wanopt_detection": "active",
            "wanopt_passive_opt": "default",
            "wanopt_peer": "",
            "wanopt_profile": "",
            "wccp": "disable",
            "webcache": "disable",
            "webcache_https": "disable",
            "webfilter_profile": "",
            "webproxy_forward_server": "",
            "webproxy_profile": "",
            "wsso": "",
            "ztna_device_ownership": "disable",
            "ztna_ems_tag": [],
            "ztna_ems_tag_secondary": [],
            "ztna_geo_tag": [],
            "ztna_policy_redirect": "disable",
            "ztna_status": "disable",
            "ztna_tags_match_logic": "or"
          },
          "sensitive_attributes": [],
          "private": "bnVsbA==",
          "dependencies": [
            "module.VPC.aws_vpc.this",
            "module.vpn_connection.aws_customer_gateway.cgw",
            "module.vpn_connection.aws_vpn_connection.vpn",
            "module.vpn_connection.aws_vpn_gateway.vgw",
            "module.vpn_connection.fortios_vpnipsec_phase1interface.vpn2_phase1",
            "module.vpn_connection.random_integer.random_number4",
            "module.vpn_connection.random_password.preshared_key"
          ]
        }
      ]
    },
    {
      "module": "module.vpn_connection[\"vpn-stratio-preprod\"]",
      "mode": "managed",
      "type": "fortios_router_static",
      "name": "static_route1",
      "provider": "provider[\"registry.terraform.io/fortinetdev/fortios\"]",
      "instances": [
        {
          "schema_version": 0,
          "attributes": {
            "bfd": "disable",
            "blackhole": "disable",
            "comment": "TF - AWS-PRE- Route 1",
            "device": "AWS-PRE-T1F1",
            "distance": 10,
            "dst": "10.120.204.0 255.255.254.0",
            "dstaddr": "",
            "dynamic_gateway": "disable",
            "dynamic_sort_subtable": "false",
            "gateway": "35.181.202.59",
            "get_all_tables": "false",
            "id": "46",
            "internet_service": 0,
            "internet_service_custom": "",
            "link_monitor_exempt": "disable",
            "preferred_source": "",
            "priority": 1,
            "sdwan": "",
            "sdwan_zone": [],
            "seq_num": 46,
            "src": "0.0.0.0 0.0.0.0",
            "status": "enable",
            "tag": 0,
            "vdomparam": null,
            "virtual_wan_link": "",
            "vrf": null,
            "weight": 0
          },
          "sensitive_attributes": [],
          "private": "bnVsbA==",
          "dependencies": [
            "module.VPC.aws_vpc.this",
            "module.vpn_connection.aws_customer_gateway.cgw",
            "module.vpn_connection.aws_vpn_connection.vpn",
            "module.vpn_connection.aws_vpn_gateway.vgw",
            "module.vpn_connection.fortios_firewall_address.address",
            "module.vpn_connection.fortios_vpnipsec_phase1interface.vpn1_phase1",
            "module.vpn_connection.random_password.preshared_key"
          ]
        }
      ]
    },
    {
      "module": "module.vpn_connection[\"vpn-stratio-preprod\"]",
      "mode": "managed",
      "type": "fortios_router_static",
      "name": "static_route2",
      "provider": "provider[\"registry.terraform.io/fortinetdev/fortios\"]",
      "instances": [
        {
          "schema_version": 0,
          "attributes": {
            "bfd": "disable",
            "blackhole": "disable",
            "comment": "TF - AWS-PRE- Route 2",
            "device": "AWS-PRE-T2F1",
            "distance": 10,
            "dst": "10.120.204.0 255.255.254.0",
            "dstaddr": "",
            "dynamic_gateway": "disable",
            "dynamic_sort_subtable": "false",
            "gateway": "52.47.213.50",
            "get_all_tables": "false",
            "id": "40",
            "internet_service": 0,
            "internet_service_custom": "",
            "link_monitor_exempt": "disable",
            "preferred_source": "",
            "priority": 1,
            "sdwan": "",
            "sdwan_zone": [],
            "seq_num": 40,
            "src": "0.0.0.0 0.0.0.0",
            "status": "enable",
            "tag": 0,
            "vdomparam": null,
            "virtual_wan_link": "",
            "vrf": null,
            "weight": 0
          },
          "sensitive_attributes": [],
          "private": "bnVsbA==",
          "dependencies": [
            "module.VPC.aws_vpc.this",
            "module.vpn_connection.aws_customer_gateway.cgw",
            "module.vpn_connection.aws_vpn_connection.vpn",
            "module.vpn_connection.aws_vpn_gateway.vgw",
            "module.vpn_connection.fortios_firewall_address.address",
            "module.vpn_connection.fortios_vpnipsec_phase1interface.vpn2_phase1",
            "module.vpn_connection.random_password.preshared_key"
          ]
        }
      ]
    },
    {
      "module": "module.vpn_connection[\"vpn-stratio-preprod\"]",
      "mode": "managed",
      "type": "fortios_vpnipsec_phase1interface",
      "name": "vpn1_phase1",
      "provider": "provider[\"registry.terraform.io/fortinetdev/fortios\"]",
      "instances": [
        {
          "schema_version": 0,
          "attributes": {
            "acct_verify": "disable",
            "add_gw_route": "disable",
            "add_route": "enable",
            "aggregate_member": "disable",
            "aggregate_weight": 1,
            "assign_ip": "enable",
            "assign_ip_from": "range",
            "authmethod": "psk",
            "authmethod_remote": "",
            "authpasswd": null,
            "authusr": "",
            "authusrgrp": "",
            "auto_discovery_crossover": "allow",
            "auto_discovery_forwarder": "disable",
            "auto_discovery_offer_interval": 5,
            "auto_discovery_psk": "disable",
            "auto_discovery_receiver": "disable",
            "auto_discovery_sender": "disable",
            "auto_discovery_shortcuts": "independent",
            "auto_negotiate": "enable",
            "azure_ad_autoconnect": "disable",
            "backup_gateway": [],
            "banner": "",
            "cert_id_validation": "enable",
            "cert_trust_store": "local",
            "certificate": [],
            "childless_ike": "disable",
            "client_auto_negotiate": "disable",
            "client_keep_alive": "disable",
            "comments": "vpn-stratio-preprodT1F1",
            "default_gw": "0.0.0.0",
            "default_gw_priority": 0,
            "dev_id": "",
            "dev_id_notification": "disable",
            "dhcp6_ra_linkaddr": "::",
            "dhcp_ra_giaddr": "0.0.0.0",
            "dhgrp": "20",
            "digital_signature_auth": "disable",
            "distance": 15,
            "dns_mode": "manual",
            "domain": "",
            "dpd": "on-demand",
            "dpd_retrycount": 3,
            "dpd_retryinterval": "20",
            "dynamic_sort_subtable": "false",
            "eap": "disable",
            "eap_cert_auth": "",
            "eap_exclude_peergrp": "",
            "eap_identity": "use-id-payload",
            "ems_sn_check": "disable",
            "encap_local_gw4": "0.0.0.0",
            "encap_local_gw6": "::",
            "encap_remote_gw4": "0.0.0.0",
            "encap_remote_gw6": "::",
            "encapsulation": "none",
            "encapsulation_address": "ike",
            "enforce_unique_id": "disable",
            "esn": "disable",
            "exchange_fgt_device_id": "disable",
            "exchange_interface_ip": "disable",
            "exchange_ip_addr4": "0.0.0.0",
            "exchange_ip_addr6": "::",
            "fallback_tcp_threshold": 0,
            "fec_base": 10,
            "fec_codec": null,
            "fec_codec_string": "rs",
            "fec_egress": "disable",
            "fec_health_check": "",
            "fec_ingress": "disable",
            "fec_mapping_profile": "",
            "fec_receive_timeout": 50,
            "fec_redundant": 1,
            "fec_send_timeout": 5,
            "fgsp_sync": "disable",
            "forticlient_enforcement": "disable",
            "fortinet_esp": "",
            "fragmentation": "enable",
            "fragmentation_mtu": 1200,
            "get_all_tables": "false",
            "group_authentication": "disable",
            "group_authentication_secret": null,
            "ha_sync_esp_seqno": "enable",
            "id": "AWS-PRE-T1F1",
            "idle_timeout": "disable",
            "idle_timeoutinterval": 15,
            "ike_version": "2",
            "inbound_dscp_copy": "disable",
            "include_local_lan": "disable",
            "interface": "wan2",
            "internal_domain_list": [],
            "ip_delay_interval": 0,
            "ip_fragmentation": "post-encapsulation",
            "ip_version": "4",
            "ipv4_dns_server1": "0.0.0.0",
            "ipv4_dns_server2": "0.0.0.0",
            "ipv4_dns_server3": "0.0.0.0",
            "ipv4_end_ip": "0.0.0.0",
            "ipv4_exclude_range": [],
            "ipv4_name": "",
            "ipv4_netmask": "255.255.255.255",
            "ipv4_split_exclude": "",
            "ipv4_split_include": "",
            "ipv4_start_ip": "0.0.0.0",
            "ipv4_wins_server1": "0.0.0.0",
            "ipv4_wins_server2": "0.0.0.0",
            "ipv6_dns_server1": "::",
            "ipv6_dns_server2": "::",
            "ipv6_dns_server3": "::",
            "ipv6_end_ip": "::",
            "ipv6_exclude_range": [],
            "ipv6_name": "",
            "ipv6_prefix": 128,
            "ipv6_split_exclude": "",
            "ipv6_split_include": "",
            "ipv6_start_ip": "::",
            "keepalive": 10,
            "keylife": 28800,
            "kms": "",
            "link_cost": 0,
            "local_gw": "0.0.0.0",
            "local_gw6": "::",
            "localid": "",
            "localid_type": "auto",
            "loopback_asymroute": "enable",
            "mesh_selector_type": "disable",
            "mode": "main",
            "mode_cfg": "disable",
            "mode_cfg_allow_client_selector": "disable",
            "monitor": "",
            "monitor_hold_down_delay": 0,
            "monitor_hold_down_time": "00:00",
            "monitor_hold_down_type": "immediate",
            "monitor_hold_down_weekday": "sunday",
            "monitor_min": 0,
            "name": "AWS-PRE-T1F1",
            "nattraversal": "disable",
            "negotiate_timeout": 30,
            "net_device": "disable",
            "network_id": 0,
            "network_overlay": "disable",
            "npu_offload": "enable",
            "packet_redistribution": "",
            "passive_mode": "disable",
            "peer": "",
            "peergrp": "",
            "peerid": "",
            "peertype": "any",
            "ppk": "disable",
            "ppk_identity": "",
            "ppk_secret": null,
            "priority": 1,
            "proposal": "aes256-sha256",
            "psksecret": "OgdNdZudiytO7sFg",
            "psksecret_remote": null,
            "qkd": "",
            "qkd_profile": "",
            "reauth": "disable",
            "rekey": "enable",
            "remote_gw": "35.181.202.59",
            "remote_gw6": "::",
            "remotegw_ddns": "",
            "rsa_signature_format": "pkcs1",
            "rsa_signature_hash_override": "disable",
            "save_password": "disable",
            "send_cert_chain": "enable",
            "signature_hash_alg": "sha2-512 sha2-384 sha2-256 sha1",
            "split_include_service": "",
            "suite_b": "disable",
            "transport": "",
            "tunnel_search": "",
            "type": "static",
            "unity_support": "enable",
            "usrgrp": "",
            "vdomparam": null,
            "vni": 0,
            "wizard_type": "custom",
            "xauthtype": "disable"
          },
          "sensitive_attributes": [
            [
              {
                "type": "get_attr",
                "value": "group_authentication_secret"
              }
            ],
            [
              {
                "type": "get_attr",
                "value": "authpasswd"
              }
            ],
            [
              {
                "type": "get_attr",
                "value": "psksecret"
              }
            ],
            [
              {
                "type": "get_attr",
                "value": "ppk_secret"
              }
            ],
            [
              {
                "type": "get_attr",
                "value": "psksecret_remote"
              }
            ]
          ],
          "private": "bnVsbA==",
          "dependencies": [
            "module.VPC.aws_vpc.this",
            "module.vpn_connection.aws_customer_gateway.cgw",
            "module.vpn_connection.aws_vpn_connection.vpn",
            "module.vpn_connection.aws_vpn_gateway.vgw",
            "module.vpn_connection.random_password.preshared_key"
          ]
        }
      ]
    },
    {
      "module": "module.vpn_connection[\"vpn-stratio-preprod\"]",
      "mode": "managed",
      "type": "fortios_vpnipsec_phase1interface",
      "name": "vpn2_phase1",
      "provider": "provider[\"registry.terraform.io/fortinetdev/fortios\"]",
      "instances": [
        {
          "schema_version": 0,
          "attributes": {
            "acct_verify": "disable",
            "add_gw_route": "disable",
            "add_route": "enable",
            "aggregate_member": "disable",
            "aggregate_weight": 1,
            "assign_ip": "enable",
            "assign_ip_from": "range",
            "authmethod": "psk",
            "authmethod_remote": "",
            "authpasswd": null,
            "authusr": "",
            "authusrgrp": "",
            "auto_discovery_crossover": "allow",
            "auto_discovery_forwarder": "disable",
            "auto_discovery_offer_interval": 5,
            "auto_discovery_psk": "disable",
            "auto_discovery_receiver": "disable",
            "auto_discovery_sender": "disable",
            "auto_discovery_shortcuts": "independent",
            "auto_negotiate": "enable",
            "azure_ad_autoconnect": "disable",
            "backup_gateway": [],
            "banner": "",
            "cert_id_validation": "enable",
            "cert_trust_store": "local",
            "certificate": [],
            "childless_ike": "disable",
            "client_auto_negotiate": "disable",
            "client_keep_alive": "disable",
            "comments": "vpn-stratio-preprodT2F1",
            "default_gw": "0.0.0.0",
            "default_gw_priority": 0,
            "dev_id": "",
            "dev_id_notification": "disable",
            "dhcp6_ra_linkaddr": "::",
            "dhcp_ra_giaddr": "0.0.0.0",
            "dhgrp": "20",
            "digital_signature_auth": "disable",
            "distance": 15,
            "dns_mode": "manual",
            "domain": "",
            "dpd": "on-demand",
            "dpd_retrycount": 3,
            "dpd_retryinterval": "20",
            "dynamic_sort_subtable": "false",
            "eap": "disable",
            "eap_cert_auth": "",
            "eap_exclude_peergrp": "",
            "eap_identity": "use-id-payload",
            "ems_sn_check": "disable",
            "encap_local_gw4": "0.0.0.0",
            "encap_local_gw6": "::",
            "encap_remote_gw4": "0.0.0.0",
            "encap_remote_gw6": "::",
            "encapsulation": "none",
            "encapsulation_address": "ike",
            "enforce_unique_id": "disable",
            "esn": "disable",
            "exchange_fgt_device_id": "disable",
            "exchange_interface_ip": "disable",
            "exchange_ip_addr4": "0.0.0.0",
            "exchange_ip_addr6": "::",
            "fallback_tcp_threshold": 0,
            "fec_base": 10,
            "fec_codec": null,
            "fec_codec_string": "rs",
            "fec_egress": "disable",
            "fec_health_check": "",
            "fec_ingress": "disable",
            "fec_mapping_profile": "",
            "fec_receive_timeout": 50,
            "fec_redundant": 1,
            "fec_send_timeout": 5,
            "fgsp_sync": "disable",
            "forticlient_enforcement": "disable",
            "fortinet_esp": "",
            "fragmentation": "enable",
            "fragmentation_mtu": 1200,
            "get_all_tables": "false",
            "group_authentication": "disable",
            "group_authentication_secret": null,
            "ha_sync_esp_seqno": "enable",
            "id": "AWS-PRE-T2F1",
            "idle_timeout": "disable",
            "idle_timeoutinterval": 15,
            "ike_version": "2",
            "inbound_dscp_copy": "disable",
            "include_local_lan": "disable",
            "interface": "wan2",
            "internal_domain_list": [],
            "ip_delay_interval": 0,
            "ip_fragmentation": "post-encapsulation",
            "ip_version": "4",
            "ipv4_dns_server1": "0.0.0.0",
            "ipv4_dns_server2": "0.0.0.0",
            "ipv4_dns_server3": "0.0.0.0",
            "ipv4_end_ip": "0.0.0.0",
            "ipv4_exclude_range": [],
            "ipv4_name": "",
            "ipv4_netmask": "255.255.255.255",
            "ipv4_split_exclude": "",
            "ipv4_split_include": "",
            "ipv4_start_ip": "0.0.0.0",
            "ipv4_wins_server1": "0.0.0.0",
            "ipv4_wins_server2": "0.0.0.0",
            "ipv6_dns_server1": "::",
            "ipv6_dns_server2": "::",
            "ipv6_dns_server3": "::",
            "ipv6_end_ip": "::",
            "ipv6_exclude_range": [],
            "ipv6_name": "",
            "ipv6_prefix": 128,
            "ipv6_split_exclude": "",
            "ipv6_split_include": "",
            "ipv6_start_ip": "::",
            "keepalive": 10,
            "keylife": 28800,
            "kms": "",
            "link_cost": 0,
            "local_gw": "0.0.0.0",
            "local_gw6": "::",
            "localid": "",
            "localid_type": "auto",
            "loopback_asymroute": "enable",
            "mesh_selector_type": "disable",
            "mode": "main",
            "mode_cfg": "disable",
            "mode_cfg_allow_client_selector": "disable",
            "monitor": "",
            "monitor_hold_down_delay": 0,
            "monitor_hold_down_time": "00:00",
            "monitor_hold_down_type": "immediate",
            "monitor_hold_down_weekday": "sunday",
            "monitor_min": 0,
            "name": "AWS-PRE-T2F1",
            "nattraversal": "disable",
            "negotiate_timeout": 30,
            "net_device": "disable",
            "network_id": 0,
            "network_overlay": "disable",
            "npu_offload": "enable",
            "packet_redistribution": "",
            "passive_mode": "disable",
            "peer": "",
            "peergrp": "",
            "peerid": "",
            "peertype": "any",
            "ppk": "disable",
            "ppk_identity": "",
            "ppk_secret": null,
            "priority": 1,
            "proposal": "aes256-sha256",
            "psksecret": "OgdNdZudiytO7sFg",
            "psksecret_remote": null,
            "qkd": "",
            "qkd_profile": "",
            "reauth": "disable",
            "rekey": "enable",
            "remote_gw": "52.47.213.50",
            "remote_gw6": "::",
            "remotegw_ddns": "",
            "rsa_signature_format": "pkcs1",
            "rsa_signature_hash_override": "disable",
            "save_password": "disable",
            "send_cert_chain": "enable",
            "signature_hash_alg": "sha2-512 sha2-384 sha2-256 sha1",
            "split_include_service": "",
            "suite_b": "disable",
            "transport": "",
            "tunnel_search": "",
            "type": "static",
            "unity_support": "enable",
            "usrgrp": "",
            "vdomparam": null,
            "vni": 0,
            "wizard_type": "custom",
            "xauthtype": "disable"
          },
          "sensitive_attributes": [
            [
              {
                "type": "get_attr",
                "value": "group_authentication_secret"
              }
            ],
            [
              {
                "type": "get_attr",
                "value": "authpasswd"
              }
            ],
            [
              {
                "type": "get_attr",
                "value": "psksecret"
              }
            ],
            [
              {
                "type": "get_attr",
                "value": "ppk_secret"
              }
            ],
            [
              {
                "type": "get_attr",
                "value": "psksecret_remote"
              }
            ]
          ],
          "private": "bnVsbA==",
          "dependencies": [
            "module.VPC.aws_vpc.this",
            "module.vpn_connection.aws_customer_gateway.cgw",
            "module.vpn_connection.aws_vpn_connection.vpn",
            "module.vpn_connection.aws_vpn_gateway.vgw",
            "module.vpn_connection.random_password.preshared_key"
          ]
        }
      ]
    },
    {
      "module": "module.vpn_connection[\"vpn-stratio-preprod\"]",
      "mode": "managed",
      "type": "fortios_vpnipsec_phase2interface",
      "name": "vpn1_phase2_1",
      "provider": "provider[\"registry.terraform.io/fortinetdev/fortios\"]",
      "instances": [
        {
          "schema_version": 0,
          "attributes": {
            "add_route": "phase1",
            "auto_discovery_forwarder": "phase1",
            "auto_discovery_sender": "phase1",
            "auto_negotiate": "disable",
            "comments": "",
            "dhcp_ipsec": "disable",
            "dhgrp": "20",
            "diffserv": "disable",
            "diffservcode": "000000",
            "dst_addr_type": "subnet",
            "dst_end_ip": "",
            "dst_end_ip6": "::",
            "dst_name": "",
            "dst_name6": "",
            "dst_port": 0,
            "dst_start_ip": "",
            "dst_start_ip6": "",
            "dst_subnet": "10.120.204.0 255.255.254.0",
            "dst_subnet6": "",
            "encapsulation": "tunnel-mode",
            "id": "AWS-PRE-T1F2-1 Labs",
            "inbound_dscp_copy": "phase1",
            "initiator_ts_narrow": "disable",
            "ipv4_df": "disable",
            "keepalive": "disable",
            "keylife_type": "seconds",
            "keylifekbs": 5120,
            "keylifeseconds": 3600,
            "l2tp": "disable",
            "name": "AWS-PRE-T1F2-1 Labs",
            "pfs": "enable",
            "phase1name": "AWS-PRE-T1F1",
            "proposal": "aes256-sha256",
            "protocol": 0,
            "replay": "enable",
            "route_overlap": "use-new",
            "single_source": "disable",
            "src_addr_type": "subnet",
            "src_end_ip": "",
            "src_end_ip6": "::",
            "src_name": "",
            "src_name6": "",
            "src_port": 0,
            "src_start_ip": "",
            "src_start_ip6": "",
            "src_subnet": "10.200.0.0 255.255.0.0",
            "src_subnet6": "",
            "vdomparam": null
          },
          "sensitive_attributes": [],
          "private": "bnVsbA==",
          "dependencies": [
            "module.VPC.aws_vpc.this",
            "module.vpn_connection.aws_customer_gateway.cgw",
            "module.vpn_connection.aws_vpn_connection.vpn",
            "module.vpn_connection.aws_vpn_gateway.vgw",
            "module.vpn_connection.fortios_vpnipsec_phase1interface.vpn1_phase1",
            "module.vpn_connection.random_password.preshared_key"
          ]
        }
      ]
    },
    {
      "module": "module.vpn_connection[\"vpn-stratio-preprod\"]",
      "mode": "managed",
      "type": "fortios_vpnipsec_phase2interface",
      "name": "vpn1_phase2_2",
      "provider": "provider[\"registry.terraform.io/fortinetdev/fortios\"]",
      "instances": [
        {
          "schema_version": 0,
          "attributes": {
            "add_route": "phase1",
            "auto_discovery_forwarder": "phase1",
            "auto_discovery_sender": "phase1",
            "auto_negotiate": "disable",
            "comments": "",
            "dhcp_ipsec": "disable",
            "dhgrp": "20",
            "diffserv": "disable",
            "diffservcode": "000000",
            "dst_addr_type": "subnet",
            "dst_end_ip": "",
            "dst_end_ip6": "::",
            "dst_name": "",
            "dst_name6": "",
            "dst_port": 0,
            "dst_start_ip": "",
            "dst_start_ip6": "",
            "dst_subnet": "10.120.204.0 255.255.254.0",
            "dst_subnet6": "",
            "encapsulation": "tunnel-mode",
            "id": "AWS-PRE-T1F2-2 VPN Employees",
            "inbound_dscp_copy": "phase1",
            "initiator_ts_narrow": "disable",
            "ipv4_df": "disable",
            "keepalive": "disable",
            "keylife_type": "seconds",
            "keylifekbs": 5120,
            "keylifeseconds": 3600,
            "l2tp": "disable",
            "name": "AWS-PRE-T1F2-2 VPN Employees",
            "pfs": "enable",
            "phase1name": "AWS-PRE-T1F1",
            "proposal": "aes256-sha256",
            "protocol": 0,
            "replay": "enable",
            "route_overlap": "use-new",
            "single_source": "disable",
            "src_addr_type": "subnet",
            "src_end_ip": "",
            "src_end_ip6": "::",
            "src_name": "",
            "src_name6": "",
            "src_port": 0,
            "src_start_ip": "",
            "src_start_ip6": "",
            "src_subnet": "10.110.0.0 255.255.255.0",
            "src_subnet6": "",
            "vdomparam": null
          },
          "sensitive_attributes": [],
          "private": "bnVsbA==",
          "dependencies": [
            "module.VPC.aws_vpc.this",
            "module.vpn_connection.aws_customer_gateway.cgw",
            "module.vpn_connection.aws_vpn_connection.vpn",
            "module.vpn_connection.aws_vpn_gateway.vgw",
            "module.vpn_connection.fortios_vpnipsec_phase1interface.vpn1_phase1",
            "module.vpn_connection.random_password.preshared_key"
          ]
        }
      ]
    },
    {
      "module": "module.vpn_connection[\"vpn-stratio-preprod\"]",
      "mode": "managed",
      "type": "fortios_vpnipsec_phase2interface",
      "name": "vpn2_phase2_1",
      "provider": "provider[\"registry.terraform.io/fortinetdev/fortios\"]",
      "instances": [
        {
          "schema_version": 0,
          "attributes": {
            "add_route": "phase1",
            "auto_discovery_forwarder": "phase1",
            "auto_discovery_sender": "phase1",
            "auto_negotiate": "disable",
            "comments": "",
            "dhcp_ipsec": "disable",
            "dhgrp": "20",
            "diffserv": "disable",
            "diffservcode": "000000",
            "dst_addr_type": "subnet",
            "dst_end_ip": "",
            "dst_end_ip6": "::",
            "dst_name": "",
            "dst_name6": "",
            "dst_port": 0,
            "dst_start_ip": "",
            "dst_start_ip6": "",
            "dst_subnet": "10.120.204.0 255.255.254.0",
            "dst_subnet6": "",
            "encapsulation": "tunnel-mode",
            "id": "AWS-PRE-T2F2-1 Labs",
            "inbound_dscp_copy": "phase1",
            "initiator_ts_narrow": "disable",
            "ipv4_df": "disable",
            "keepalive": "disable",
            "keylife_type": "seconds",
            "keylifekbs": 5120,
            "keylifeseconds": 3600,
            "l2tp": "disable",
            "name": "AWS-PRE-T2F2-1 Labs",
            "pfs": "enable",
            "phase1name": "AWS-PRE-T2F1",
            "proposal": "aes256-sha256",
            "protocol": 0,
            "replay": "enable",
            "route_overlap": "use-new",
            "single_source": "disable",
            "src_addr_type": "subnet",
            "src_end_ip": "",
            "src_end_ip6": "::",
            "src_name": "",
            "src_name6": "",
            "src_port": 0,
            "src_start_ip": "",
            "src_start_ip6": "",
            "src_subnet": "10.200.0.0 255.255.0.0",
            "src_subnet6": "",
            "vdomparam": null
          },
          "sensitive_attributes": [],
          "private": "bnVsbA==",
          "dependencies": [
            "module.VPC.aws_vpc.this",
            "module.vpn_connection.aws_customer_gateway.cgw",
            "module.vpn_connection.aws_vpn_connection.vpn",
            "module.vpn_connection.aws_vpn_gateway.vgw",
            "module.vpn_connection.fortios_vpnipsec_phase1interface.vpn2_phase1",
            "module.vpn_connection.random_password.preshared_key"
          ]
        }
      ]
    },
    {
      "module": "module.vpn_connection[\"vpn-stratio-preprod\"]",
      "mode": "managed",
      "type": "fortios_vpnipsec_phase2interface",
      "name": "vpn2_phase2_2",
      "provider": "provider[\"registry.terraform.io/fortinetdev/fortios\"]",
      "instances": [
        {
          "schema_version": 0,
          "attributes": {
            "add_route": "phase1",
            "auto_discovery_forwarder": "phase1",
            "auto_discovery_sender": "phase1",
            "auto_negotiate": "disable",
            "comments": "",
            "dhcp_ipsec": "disable",
            "dhgrp": "20",
            "diffserv": "disable",
            "diffservcode": "000000",
            "dst_addr_type": "subnet",
            "dst_end_ip": "",
            "dst_end_ip6": "::",
            "dst_name": "",
            "dst_name6": "",
            "dst_port": 0,
            "dst_start_ip": "",
            "dst_start_ip6": "",
            "dst_subnet": "10.120.204.0 255.255.254.0",
            "dst_subnet6": "",
            "encapsulation": "tunnel-mode",
            "id": "AWS-PRE-T2F2-2 VPN Employees",
            "inbound_dscp_copy": "phase1",
            "initiator_ts_narrow": "disable",
            "ipv4_df": "disable",
            "keepalive": "disable",
            "keylife_type": "seconds",
            "keylifekbs": 5120,
            "keylifeseconds": 3600,
            "l2tp": "disable",
            "name": "AWS-PRE-T2F2-2 VPN Employees",
            "pfs": "enable",
            "phase1name": "AWS-PRE-T2F1",
            "proposal": "aes256-sha256",
            "protocol": 0,
            "replay": "enable",
            "route_overlap": "use-new",
            "single_source": "disable",
            "src_addr_type": "subnet",
            "src_end_ip": "",
            "src_end_ip6": "::",
            "src_name": "",
            "src_name6": "",
            "src_port": 0,
            "src_start_ip": "",
            "src_start_ip6": "",
            "src_subnet": "10.110.0.0 255.255.255.0",
            "src_subnet6": "",
            "vdomparam": null
          },
          "sensitive_attributes": [],
          "private": "bnVsbA==",
          "dependencies": [
            "module.VPC.aws_vpc.this",
            "module.vpn_connection.aws_customer_gateway.cgw",
            "module.vpn_connection.aws_vpn_connection.vpn",
            "module.vpn_connection.aws_vpn_gateway.vgw",
            "module.vpn_connection.fortios_vpnipsec_phase1interface.vpn2_phase1",
            "module.vpn_connection.random_password.preshared_key"
          ]
        }
      ]
    },
    {
      "module": "module.vpn_connection[\"vpn-stratio-preprod\"]",
      "mode": "managed",
      "type": "random_integer",
      "name": "random_number1",
      "provider": "provider[\"registry.terraform.io/hashicorp/random\"]",
      "instances": [
        {
          "schema_version": 0,
          "attributes": {
            "id": "832",
            "keepers": null,
            "max": 1000,
            "min": 500,
            "result": 832,
            "seed": null
          },
          "sensitive_attributes": []
        }
      ]
    },
    {
      "module": "module.vpn_connection[\"vpn-stratio-preprod\"]",
      "mode": "managed",
      "type": "random_integer",
      "name": "random_number2",
      "provider": "provider[\"registry.terraform.io/hashicorp/random\"]",
      "instances": [
        {
          "schema_version": 0,
          "attributes": {
            "id": "776",
            "keepers": null,
            "max": 1000,
            "min": 500,
            "result": 776,
            "seed": null
          },
          "sensitive_attributes": []
        }
      ]
    },
    {
      "module": "module.vpn_connection[\"vpn-stratio-preprod\"]",
      "mode": "managed",
      "type": "random_integer",
      "name": "random_number3",
      "provider": "provider[\"registry.terraform.io/hashicorp/random\"]",
      "instances": [
        {
          "schema_version": 0,
          "attributes": {
            "id": "708",
            "keepers": null,
            "max": 1000,
            "min": 500,
            "result": 708,
            "seed": null
          },
          "sensitive_attributes": []
        }
      ]
    },
    {
      "module": "module.vpn_connection[\"vpn-stratio-preprod\"]",
      "mode": "managed",
      "type": "random_integer",
      "name": "random_number4",
      "provider": "provider[\"registry.terraform.io/hashicorp/random\"]",
      "instances": [
        {
          "schema_version": 0,
          "attributes": {
            "id": "878",
            "keepers": null,
            "max": 1000,
            "min": 500,
            "result": 878,
            "seed": null
          },
          "sensitive_attributes": []
        }
      ]
    },
    {
      "module": "module.vpn_connection[\"vpn-stratio-preprod\"]",
      "mode": "managed",
      "type": "random_password",
      "name": "preshared_key",
      "provider": "provider[\"registry.terraform.io/hashicorp/random\"]",
      "instances": [
        {
          "schema_version": 3,
          "attributes": {
            "bcrypt_hash": "$2a$10$QeL8v0/2ERVsCaRiHEoRv.Smdu6r/KMNasLzgLbvbNACSKBxwRBBK",
            "id": "none",
            "keepers": null,
            "length": 16,
            "lower": true,
            "min_lower": 0,
            "min_numeric": 0,
            "min_special": 0,
            "min_upper": 0,
            "number": true,
            "numeric": true,
            "override_special": "_.",
            "result": "OgdNdZudiytO7sFg",
            "special": false,
            "upper": true
          },
          "sensitive_attributes": [
            [
              {
                "type": "get_attr",
                "value": "result"
              }
            ],
            [
              {
                "type": "get_attr",
                "value": "bcrypt_hash"
              }
            ]
          ]
        }
      ]
    }
  ],
  "check_results": null
}
